// !$*UTF8*$!
{
	archiveVersion = 1;
	classes = {
	};
	objectVersion = 56;
	objects = {

/* Begin PBXBuildFile section */
		1169490F2AD3F99000347260 /* libc++.tbd in Frameworks */ = {isa = PBXBuildFile; fileRef = 1169490E2AD3F99000347260 /* libc++.tbd */; };
		116949112AD3F99F00347260 /* libz.tbd in Frameworks */ = {isa = PBXBuildFile; fileRef = 116949102AD3F99F00347260 /* libz.tbd */; };
		11AC77E02AD3E4D8005E2A8C /* AppDelegate.m in Sources */ = {isa = PBXBuildFile; fileRef = 11AC77DF2AD3E4D8005E2A8C /* AppDelegate.m */; };
		11AC77E32AD3E4D8005E2A8C /* SceneDelegate.m in Sources */ = {isa = PBXBuildFile; fileRef = 11AC77E22AD3E4D8005E2A8C /* SceneDelegate.m */; };
		11AC77E62AD3E4D8005E2A8C /* ViewController.m in Sources */ = {isa = PBXBuildFile; fileRef = 11AC77E52AD3E4D8005E2A8C /* ViewController.m */; };
		11AC77E92AD3E4D8005E2A8C /* Main.storyboard in Resources */ = {isa = PBXBuildFile; fileRef = 11AC77E72AD3E4D8005E2A8C /* Main.storyboard */; };
		11AC77EB2AD3E4D9005E2A8C /* Assets.xcassets in Resources */ = {isa = PBXBuildFile; fileRef = 11AC77EA2AD3E4D9005E2A8C /* Assets.xcassets */; };
		11AC77EE2AD3E4D9005E2A8C /* LaunchScreen.storyboard in Resources */ = {isa = PBXBuildFile; fileRef = 11AC77EC2AD3E4D9005E2A8C /* LaunchScreen.storyboard */; };
		11AC77F12AD3E4D9005E2A8C /* main.m in Sources */ = {isa = PBXBuildFile; fileRef = 11AC77F02AD3E4D9005E2A8C /* main.m */; };
		EEE3F534CA96066AADD1A65E /* Pods_simpleDemo.framework in Frameworks */ = {isa = PBXBuildFile; fileRef = A0540F7B8138CB47879BE586 /* Pods_simpleDemo.framework */; };
/* End PBXBuildFile section */

/* Begin PBXCopyFilesBuildPhase section */
		11AC780B2AD3EA59005E2A8C /* Embed Frameworks */ = {
			isa = PBXCopyFilesBuildPhase;
			buildActionMask = 2147483647;
			dstPath = "";
			dstSubfolderSpec = 10;
			files = (
			);
			name = "Embed Frameworks";
			runOnlyForDeploymentPostprocessing = 0;
		};
/* End PBXCopyFilesBuildPhase section */

/* Begin PBXFileReference section */
		112D163E2AD52DC8003C292E /* tcrsdk.framework */ = {isa = PBXFileReference; explicitFileType = wrapper.framework; path = tcrsdk.framework; sourceTree = BUILT_PRODUCTS_DIR; };
		1169490E2AD3F99000347260 /* libc++.tbd */ = {isa = PBXFileReference; lastKnownFileType = "sourcecode.text-based-dylib-definition"; name = "libc++.tbd"; path = "usr/lib/libc++.tbd"; sourceTree = SDKROOT; };
		116949102AD3F99F00347260 /* libz.tbd */ = {isa = PBXFileReference; lastKnownFileType = "sourcecode.text-based-dylib-definition"; name = libz.tbd; path = usr/lib/libz.tbd; sourceTree = SDKROOT; };
		11AC77DB2AD3E4D8005E2A8C /* simpleDemo.app */ = {isa = PBXFileReference; explicitFileType = wrapper.application; includeInIndex = 0; path = simpleDemo.app; sourceTree = BUILT_PRODUCTS_DIR; };
		11AC77DE2AD3E4D8005E2A8C /* AppDelegate.h */ = {isa = PBXFileReference; lastKnownFileType = sourcecode.c.h; path = AppDelegate.h; sourceTree = "<group>"; };
		11AC77DF2AD3E4D8005E2A8C /* AppDelegate.m */ = {isa = PBXFileReference; lastKnownFileType = sourcecode.c.objc; path = AppDelegate.m; sourceTree = "<group>"; };
		11AC77E12AD3E4D8005E2A8C /* SceneDelegate.h */ = {isa = PBXFileReference; lastKnownFileType = sourcecode.c.h; path = SceneDelegate.h; sourceTree = "<group>"; };
		11AC77E22AD3E4D8005E2A8C /* SceneDelegate.m */ = {isa = PBXFileReference; lastKnownFileType = sourcecode.c.objc; path = SceneDelegate.m; sourceTree = "<group>"; };
		11AC77E42AD3E4D8005E2A8C /* ViewController.h */ = {isa = PBXFileReference; lastKnownFileType = sourcecode.c.h; path = ViewController.h; sourceTree = "<group>"; };
		11AC77E52AD3E4D8005E2A8C /* ViewController.m */ = {isa = PBXFileReference; lastKnownFileType = sourcecode.c.objc; path = ViewController.m; sourceTree = "<group>"; };
		11AC77E82AD3E4D8005E2A8C /* Base */ = {isa = PBXFileReference; lastKnownFileType = file.storyboard; name = Base; path = Base.lproj/Main.storyboard; sourceTree = "<group>"; };
		11AC77EA2AD3E4D9005E2A8C /* Assets.xcassets */ = {isa = PBXFileReference; lastKnownFileType = folder.assetcatalog; path = Assets.xcassets; sourceTree = "<group>"; };
		11AC77ED2AD3E4D9005E2A8C /* Base */ = {isa = PBXFileReference; lastKnownFileType = file.storyboard; name = Base; path = Base.lproj/LaunchScreen.storyboard; sourceTree = "<group>"; };
		11AC77EF2AD3E4D9005E2A8C /* Info.plist */ = {isa = PBXFileReference; lastKnownFileType = text.plist.xml; path = Info.plist; sourceTree = "<group>"; };
		11AC77F02AD3E4D9005E2A8C /* main.m */ = {isa = PBXFileReference; lastKnownFileType = sourcecode.c.objc; path = main.m; sourceTree = "<group>"; };
		547853CC5AA5BD39A313F281 /* Pods-simpleDemo.release.xcconfig */ = {isa = PBXFileReference; includeInIndex = 1; lastKnownFileType = text.xcconfig; name = "Pods-simpleDemo.release.xcconfig"; path = "Target Support Files/Pods-simpleDemo/Pods-simpleDemo.release.xcconfig"; sourceTree = "<group>"; };
		A0540F7B8138CB47879BE586 /* Pods_simpleDemo.framework */ = {isa = PBXFileReference; explicitFileType = wrapper.framework; includeInIndex = 0; path = Pods_simpleDemo.framework; sourceTree = BUILT_PRODUCTS_DIR; };
		CD7066AFE1CD2ED5426C9DF5 /* Pods-simpleDemo.debug.xcconfig */ = {isa = PBXFileReference; includeInIndex = 1; lastKnownFileType = text.xcconfig; name = "Pods-simpleDemo.debug.xcconfig"; path = "Target Support Files/Pods-simpleDemo/Pods-simpleDemo.debug.xcconfig"; sourceTree = "<group>"; };
/* End PBXFileReference section */

/* Begin PBXFrameworksBuildPhase section */
		11AC77D82AD3E4D8005E2A8C /* Frameworks */ = {
			isa = PBXFrameworksBuildPhase;
			buildActionMask = 2147483647;
			files = (
				116949112AD3F99F00347260 /* libz.tbd in Frameworks */,
				1169490F2AD3F99000347260 /* libc++.tbd in Frameworks */,
				EEE3F534CA96066AADD1A65E /* Pods_simpleDemo.framework in Frameworks */,
			);
			runOnlyForDeploymentPostprocessing = 0;
		};
/* End PBXFrameworksBuildPhase section */

/* Begin PBXGroup section */
		11AC77D22AD3E4D8005E2A8C = {
			isa = PBXGroup;
			children = (
				11AC77DD2AD3E4D8005E2A8C /* simpleDemo */,
				11AC77DC2AD3E4D8005E2A8C /* Products */,
				11AC78082AD3EA59005E2A8C /* Frameworks */,
				71D223F783426A199A32AA85 /* Pods */,
			);
			sourceTree = "<group>";
		};
		11AC77DC2AD3E4D8005E2A8C /* Products */ = {
			isa = PBXGroup;
			children = (
				11AC77DB2AD3E4D8005E2A8C /* simpleDemo.app */,
			);
			name = Products;
			sourceTree = "<group>";
		};
		11AC77DD2AD3E4D8005E2A8C /* simpleDemo */ = {
			isa = PBXGroup;
			children = (
				11AC77DE2AD3E4D8005E2A8C /* AppDelegate.h */,
				11AC77DF2AD3E4D8005E2A8C /* AppDelegate.m */,
				11AC77E12AD3E4D8005E2A8C /* SceneDelegate.h */,
				11AC77E22AD3E4D8005E2A8C /* SceneDelegate.m */,
				11AC77E42AD3E4D8005E2A8C /* ViewController.h */,
				11AC77E52AD3E4D8005E2A8C /* ViewController.m */,
				11AC77E72AD3E4D8005E2A8C /* Main.storyboard */,
				11AC77EA2AD3E4D9005E2A8C /* Assets.xcassets */,
				11AC77EC2AD3E4D9005E2A8C /* LaunchScreen.storyboard */,
				11AC77EF2AD3E4D9005E2A8C /* Info.plist */,
				11AC77F02AD3E4D9005E2A8C /* main.m */,
			);
			path = simpleDemo;
			sourceTree = "<group>";
		};
		11AC78082AD3EA59005E2A8C /* Frameworks */ = {
			isa = PBXGroup;
			children = (
				112D163E2AD52DC8003C292E /* tcrsdk.framework */,
				116949102AD3F99F00347260 /* libz.tbd */,
				1169490E2AD3F99000347260 /* libc++.tbd */,
				A0540F7B8138CB47879BE586 /* Pods_simpleDemo.framework */,
			);
			name = Frameworks;
			sourceTree = "<group>";
		};
		71D223F783426A199A32AA85 /* Pods */ = {
			isa = PBXGroup;
			children = (
				CD7066AFE1CD2ED5426C9DF5 /* Pods-simpleDemo.debug.xcconfig */,
				547853CC5AA5BD39A313F281 /* Pods-simpleDemo.release.xcconfig */,
			);
			path = Pods;
			sourceTree = "<group>";
		};
/* End PBXGroup section */

/* Begin PBXNativeTarget section */
		11AC77DA2AD3E4D8005E2A8C /* simpleDemo */ = {
			isa = PBXNativeTarget;
			buildConfigurationList = 11AC77F42AD3E4D9005E2A8C /* Build configuration list for PBXNativeTarget "simpleDemo" */;
			buildPhases = (
				0677A5EC90660A57D8DEE36F /* [CP] Check Pods Manifest.lock */,
				11AC77D72AD3E4D8005E2A8C /* Sources */,
				11AC77D82AD3E4D8005E2A8C /* Frameworks */,
				11AC77D92AD3E4D8005E2A8C /* Resources */,
				11AC780B2AD3EA59005E2A8C /* Embed Frameworks */,
				3E7B4099FACAC086ED8E75DC /* [CP] Embed Pods Frameworks */,
			);
			buildRules = (
			);
			dependencies = (
			);
			name = simpleDemo;
			productName = simpleDemo;
			productReference = 11AC77DB2AD3E4D8005E2A8C /* simpleDemo.app */;
			productType = "com.apple.product-type.application";
		};
/* End PBXNativeTarget section */

/* Begin PBXProject section */
		11AC77D32AD3E4D8005E2A8C /* Project object */ = {
			isa = PBXProject;
			attributes = {
				BuildIndependentTargetsInParallel = 1;
				LastUpgradeCheck = 1430;
				TargetAttributes = {
					11AC77DA2AD3E4D8005E2A8C = {
						CreatedOnToolsVersion = 14.3;
					};
				};
			};
			buildConfigurationList = 11AC77D62AD3E4D8005E2A8C /* Build configuration list for PBXProject "simpleDemo" */;
			compatibilityVersion = "Xcode 14.0";
			developmentRegion = en;
			hasScannedForEncodings = 0;
			knownRegions = (
				en,
				Base,
			);
			mainGroup = 11AC77D22AD3E4D8005E2A8C;
			productRefGroup = 11AC77DC2AD3E4D8005E2A8C /* Products */;
			projectDirPath = "";
			projectRoot = "";
			targets = (
				11AC77DA2AD3E4D8005E2A8C /* simpleDemo */,
			);
		};
/* End PBXProject section */

/* Begin PBXResourcesBuildPhase section */
		11AC77D92AD3E4D8005E2A8C /* Resources */ = {
			isa = PBXResourcesBuildPhase;
			buildActionMask = 2147483647;
			files = (
				11AC77EE2AD3E4D9005E2A8C /* LaunchScreen.storyboard in Resources */,
				11AC77EB2AD3E4D9005E2A8C /* Assets.xcassets in Resources */,
				11AC77E92AD3E4D8005E2A8C /* Main.storyboard in Resources */,
			);
			runOnlyForDeploymentPostprocessing = 0;
		};
/* End PBXResourcesBuildPhase section */

/* Begin PBXShellScriptBuildPhase section */
		0677A5EC90660A57D8DEE36F /* [CP] Check Pods Manifest.lock */ = {
			isa = PBXShellScriptBuildPhase;
			buildActionMask = 2147483647;
			files = (
			);
			inputFileListPaths = (
			);
			inputPaths = (
				"${PODS_PODFILE_DIR_PATH}/Podfile.lock",
				"${PODS_ROOT}/Manifest.lock",
			);
			name = "[CP] Check Pods Manifest.lock";
			outputFileListPaths = (
			);
			outputPaths = (
				"$(DERIVED_FILE_DIR)/Pods-simpleDemo-checkManifestLockResult.txt",
			);
			runOnlyForDeploymentPostprocessing = 0;
			shellPath = /bin/sh;
			shellScript = "diff \"${PODS_PODFILE_DIR_PATH}/Podfile.lock\" \"${PODS_ROOT}/Manifest.lock\" > /dev/null\nif [ $? != 0 ] ; then\n    # print error to STDERR\n    echo \"error: The sandbox is not in sync with the Podfile.lock. Run 'pod install' or update your CocoaPods installation.\" >&2\n    exit 1\nfi\n# This output is used by Xcode 'outputs' to avoid re-running this script phase.\necho \"SUCCESS\" > \"${SCRIPT_OUTPUT_FILE_0}\"\n";
			showEnvVarsInLog = 0;
		};
		3E7B4099FACAC086ED8E75DC /* [CP] Embed Pods Frameworks */ = {
			isa = PBXShellScriptBuildPhase;
			buildActionMask = 2147483647;
			files = (
			);
			inputFileListPaths = (
				"${PODS_ROOT}/Target Support Files/Pods-simpleDemo/Pods-simpleDemo-frameworks-${CONFIGURATION}-input-files.xcfilelist",
			);
			name = "[CP] Embed Pods Frameworks";
			outputFileListPaths = (
				"${PODS_ROOT}/Target Support Files/Pods-simpleDemo/Pods-simpleDemo-frameworks-${CONFIGURATION}-output-files.xcfilelist",
			);
			runOnlyForDeploymentPostprocessing = 0;
			shellPath = /bin/sh;
			shellScript = "\"${PODS_ROOT}/Target Support Files/Pods-simpleDemo/Pods-simpleDemo-frameworks.sh\"\n";
			showEnvVarsInLog = 0;
		};
/* End PBXShellScriptBuildPhase section */

/* Begin PBXSourcesBuildPhase section */
		11AC77D72AD3E4D8005E2A8C /* Sources */ = {
			isa = PBXSourcesBuildPhase;
			buildActionMask = 2147483647;
			files = (
				11AC77E62AD3E4D8005E2A8C /* ViewController.m in Sources */,
				11AC77E02AD3E4D8005E2A8C /* AppDelegate.m in Sources */,
				11AC77F12AD3E4D9005E2A8C /* main.m in Sources */,
				11AC77E32AD3E4D8005E2A8C /* SceneDelegate.m in Sources */,
			);
			runOnlyForDeploymentPostprocessing = 0;
		};
/* End PBXSourcesBuildPhase section */

/* Begin PBXVariantGroup section */
		11AC77E72AD3E4D8005E2A8C /* Main.storyboard */ = {
			isa = PBXVariantGroup;
			children = (
				11AC77E82AD3E4D8005E2A8C /* Base */,
			);
			name = Main.storyboard;
			sourceTree = "<group>";
		};
		11AC77EC2AD3E4D9005E2A8C /* LaunchScreen.storyboard */ = {
			isa = PBXVariantGroup;
			children = (
				11AC77ED2AD3E4D9005E2A8C /* Base */,
			);
			name = LaunchScreen.storyboard;
			sourceTree = "<group>";
		};
/* End PBXVariantGroup section */

/* Begin XCBuildConfiguration section */
		11AC77F22AD3E4D9005E2A8C /* Debug */ = {
			isa = XCBuildConfiguration;
			buildSettings = {
				ALWAYS_SEARCH_USER_PATHS = NO;
				CLANG_ANALYZER_NONNULL = YES;
				CLANG_ANALYZER_NUMBER_OBJECT_CONVERSION = YES_AGGRESSIVE;
				CLANG_CXX_LANGUAGE_STANDARD = "gnu++20";
				CLANG_ENABLE_MODULES = YES;
				CLANG_ENABLE_OBJC_ARC = YES;
				CLANG_ENABLE_OBJC_WEAK = YES;
				CLANG_WARN_BLOCK_CAPTURE_AUTORELEASING = YES;
				CLANG_WARN_BOOL_CONVERSION = YES;
				CLANG_WARN_COMMA = YES;
				CLANG_WARN_CONSTANT_CONVERSION = YES;
				CLANG_WARN_DEPRECATED_OBJC_IMPLEMENTATIONS = YES;
				CLANG_WARN_DIRECT_OBJC_ISA_USAGE = YES_ERROR;
				CLANG_WARN_DOCUMENTATION_COMMENTS = YES;
				CLANG_WARN_EMPTY_BODY = YES;
				CLANG_WARN_ENUM_CONVERSION = YES;
				CLANG_WARN_INFINITE_RECURSION = YES;
				CLANG_WARN_INT_CONVERSION = YES;
				CLANG_WARN_NON_LITERAL_NULL_CONVERSION = YES;
				CLANG_WARN_OBJC_IMPLICIT_RETAIN_SELF = YES;
				CLANG_WARN_OBJC_LITERAL_CONVERSION = YES;
				CLANG_WARN_OBJC_ROOT_CLASS = YES_ERROR;
				CLANG_WARN_QUOTED_INCLUDE_IN_FRAMEWORK_HEADER = YES;
				CLANG_WARN_RANGE_LOOP_ANALYSIS = YES;
				CLANG_WARN_STRICT_PROTOTYPES = YES;
				CLANG_WARN_SUSPICIOUS_MOVE = YES;
				CLANG_WARN_UNGUARDED_AVAILABILITY = YES_AGGRESSIVE;
				CLANG_WARN_UNREACHABLE_CODE = YES;
				CLANG_WARN__DUPLICATE_METHOD_MATCH = YES;
				COPY_PHASE_STRIP = NO;
				DEBUG_INFORMATION_FORMAT = dwarf;
				ENABLE_STRICT_OBJC_MSGSEND = YES;
				ENABLE_TESTABILITY = YES;
				GCC_C_LANGUAGE_STANDARD = gnu11;
				GCC_DYNAMIC_NO_PIC = NO;
				GCC_NO_COMMON_BLOCKS = YES;
				GCC_OPTIMIZATION_LEVEL = 0;
				GCC_PREPROCESSOR_DEFINITIONS = (
					"DEBUG=1",
					"$(inherited)",
				);
				GCC_WARN_64_TO_32_BIT_CONVERSION = YES;
				GCC_WARN_ABOUT_RETURN_TYPE = YES_ERROR;
				GCC_WARN_UNDECLARED_SELECTOR = YES;
				GCC_WARN_UNINITIALIZED_AUTOS = YES_AGGRESSIVE;
				GCC_WARN_UNUSED_FUNCTION = YES;
				GCC_WARN_UNUSED_VARIABLE = YES;
				IPHONEOS_DEPLOYMENT_TARGET = 16.4;
				MTL_ENABLE_DEBUG_INFO = INCLUDE_SOURCE;
				MTL_FAST_MATH = YES;
				ONLY_ACTIVE_ARCH = YES;
				SDKROOT = iphoneos;
			};
			name = Debug;
		};
		11AC77F32AD3E4D9005E2A8C /* Release */ = {
			isa = XCBuildConfiguration;
			buildSettings = {
				ALWAYS_SEARCH_USER_PATHS = NO;
				CLANG_ANALYZER_NONNULL = YES;
				CLANG_ANALYZER_NUMBER_OBJECT_CONVERSION = YES_AGGRESSIVE;
				CLANG_CXX_LANGUAGE_STANDARD = "gnu++20";
				CLANG_ENABLE_MODULES = YES;
				CLANG_ENABLE_OBJC_ARC = YES;
				CLANG_ENABLE_OBJC_WEAK = YES;
				CLANG_WARN_BLOCK_CAPTURE_AUTORELEASING = YES;
				CLANG_WARN_BOOL_CONVERSION = YES;
				CLANG_WARN_COMMA = YES;
				CLANG_WARN_CONSTANT_CONVERSION = YES;
				CLANG_WARN_DEPRECATED_OBJC_IMPLEMENTATIONS = YES;
				CLANG_WARN_DIRECT_OBJC_ISA_USAGE = YES_ERROR;
				CLANG_WARN_DOCUMENTATION_COMMENTS = YES;
				CLANG_WARN_EMPTY_BODY = YES;
				CLANG_WARN_ENUM_CONVERSION = YES;
				CLANG_WARN_INFINITE_RECURSION = YES;
				CLANG_WARN_INT_CONVERSION = YES;
				CLANG_WARN_NON_LITERAL_NULL_CONVERSION = YES;
				CLANG_WARN_OBJC_IMPLICIT_RETAIN_SELF = YES;
				CLANG_WARN_OBJC_LITERAL_CONVERSION = YES;
				CLANG_WARN_OBJC_ROOT_CLASS = YES_ERROR;
				CLANG_WARN_QUOTED_INCLUDE_IN_FRAMEWORK_HEADER = YES;
				CLANG_WARN_RANGE_LOOP_ANALYSIS = YES;
				CLANG_WARN_STRICT_PROTOTYPES = YES;
				CLANG_WARN_SUSPICIOUS_MOVE = YES;
				CLANG_WARN_UNGUARDED_AVAILABILITY = YES_AGGRESSIVE;
				CLANG_WARN_UNREACHABLE_CODE = YES;
				CLANG_WARN__DUPLICATE_METHOD_MATCH = YES;
				COPY_PHASE_STRIP = NO;
				DEBUG_INFORMATION_FORMAT = "dwarf-with-dsym";
				ENABLE_NS_ASSERTIONS = NO;
				ENABLE_STRICT_OBJC_MSGSEND = YES;
				GCC_C_LANGUAGE_STANDARD = gnu11;
				GCC_NO_COMMON_BLOCKS = YES;
				GCC_WARN_64_TO_32_BIT_CONVERSION = YES;
				GCC_WARN_ABOUT_RETURN_TYPE = YES_ERROR;
				GCC_WARN_UNDECLARED_SELECTOR = YES;
				GCC_WARN_UNINITIALIZED_AUTOS = YES_AGGRESSIVE;
				GCC_WARN_UNUSED_FUNCTION = YES;
				GCC_WARN_UNUSED_VARIABLE = YES;
				IPHONEOS_DEPLOYMENT_TARGET = 16.4;
				MTL_ENABLE_DEBUG_INFO = NO;
				MTL_FAST_MATH = YES;
				SDKROOT = iphoneos;
				VALIDATE_PRODUCT = YES;
			};
			name = Release;
		};
		11AC77F52AD3E4D9005E2A8C /* Debug */ = {
			isa = XCBuildConfiguration;
			baseConfigurationReference = CD7066AFE1CD2ED5426C9DF5 /* Pods-simpleDemo.debug.xcconfig */;
			buildSettings = {
				ASSETCATALOG_COMPILER_APPICON_NAME = AppIcon;
				ASSETCATALOG_COMPILER_GLOBAL_ACCENT_COLOR_NAME = AccentColor;
				CLANG_CXX_LANGUAGE_STANDARD = "gnu++14";
				CODE_SIGN_STYLE = Automatic;
				CURRENT_PROJECT_VERSION = 1;
				DEVELOPMENT_TEAM = VB7SR75QG4;
				FRAMEWORK_SEARCH_PATHS = (
					"\"${PODS_ROOT}/TCRSDK/SDK\"",
					"$(inherited)",
				);
				GENERATE_INFOPLIST_FILE = YES;
				HEADER_SEARCH_PATHS = "";
				INFOPLIST_FILE = simpleDemo/Info.plist;
				INFOPLIST_KEY_UIApplicationSupportsIndirectInputEvents = YES;
				INFOPLIST_KEY_UILaunchStoryboardName = LaunchScreen;
				INFOPLIST_KEY_UIMainStoryboardFile = Main;
				INFOPLIST_KEY_UISupportedInterfaceOrientations_iPad = "UIInterfaceOrientationPortrait UIInterfaceOrientationPortraitUpsideDown UIInterfaceOrientationLandscapeLeft UIInterfaceOrientationLandscapeRight";
				INFOPLIST_KEY_UISupportedInterfaceOrientations_iPhone = "UIInterfaceOrientationPortrait UIInterfaceOrientationLandscapeLeft UIInterfaceOrientationLandscapeRight";
				IPHONEOS_DEPLOYMENT_TARGET = 12.2;
				LD_RUNPATH_SEARCH_PATHS = (
					"$(inherited)",
					"@executable_path/Frameworks",
				);
				MARKETING_VERSION = 1.0;
				PRODUCT_BUNDLE_IDENTIFIER = com.tencent.simpleDemo1;
				PRODUCT_NAME = "$(TARGET_NAME)";
				SWIFT_EMIT_LOC_STRINGS = YES;
				TARGETED_DEVICE_FAMILY = "1,2";
			};
			name = Debug;
		};
		11AC77F62AD3E4D9005E2A8C /* Release */ = {
			isa = XCBuildConfiguration;
			baseConfigurationReference = 547853CC5AA5BD39A313F281 /* Pods-simpleDemo.release.xcconfig */;
			buildSettings = {
				ASSETCATALOG_COMPILER_APPICON_NAME = AppIcon;
				ASSETCATALOG_COMPILER_GLOBAL_ACCENT_COLOR_NAME = AccentColor;
				CLANG_CXX_LANGUAGE_STANDARD = "gnu++14";
				CODE_SIGN_STYLE = Automatic;
				CURRENT_PROJECT_VERSION = 1;
				DEVELOPMENT_TEAM = VB7SR75QG4;
				FRAMEWORK_SEARCH_PATHS = (
					"\"${PODS_ROOT}/TCRSDK/SDK\"",
					"$(inherited)",
				);
				GENERATE_INFOPLIST_FILE = YES;
				HEADER_SEARCH_PATHS = "";
				INFOPLIST_FILE = simpleDemo/Info.plist;
				INFOPLIST_KEY_UIApplicationSupportsIndirectInputEvents = YES;
				INFOPLIST_KEY_UILaunchStoryboardName = LaunchScreen;
				INFOPLIST_KEY_UIMainStoryboardFile = Main;
				INFOPLIST_KEY_UISupportedInterfaceOrientations_iPad = "UIInterfaceOrientationPortrait UIInterfaceOrientationPortraitUpsideDown UIInterfaceOrientationLandscapeLeft UIInterfaceOrientationLandscapeRight";
				INFOPLIST_KEY_UISupportedInterfaceOrientations_iPhone = "UIInterfaceOrientationPortrait UIInterfaceOrientationLandscapeLeft UIInterfaceOrientationLandscapeRight";
				IPHONEOS_DEPLOYMENT_TARGET = 12.2;
				LD_RUNPATH_SEARCH_PATHS = (
					"$(inherited)",
					"@executable_path/Frameworks",
				);
				MARKETING_VERSION = 1.0;
				PRODUCT_BUNDLE_IDENTIFIER = com.tencent.simpleDemo1;
				PRODUCT_NAME = "$(TARGET_NAME)";
				SWIFT_EMIT_LOC_STRINGS = YES;
				TARGETED_DEVICE_FAMILY = "1,2";
			};
			name = Release;
		};
/* End XCBuildConfiguration section */

/* Begin XCConfigurationList section */
		11AC77D62AD3E4D8005E2A8C /* Build configuration list for PBXProject "simpleDemo" */ = {
			isa = XCConfigurationList;
			buildConfigurations = (
				11AC77F22AD3E4D9005E2A8C /* Debug */,
				11AC77F32AD3E4D9005E2A8C /* Release */,
			);
			defaultConfigurationIsVisible = 0;
			defaultConfigurationName = Release;
		};
		11AC77F42AD3E4D9005E2A8C /* Build configuration list for PBXNativeTarget "simpleDemo" */ = {
			isa = XCConfigurationList;
			buildConfigurations = (
				11AC77F52AD3E4D9005E2A8C /* Debug */,
				11AC77F62AD3E4D9005E2A8C /* Release */,
			);
			defaultConfigurationIsVisible = 0;
			defaultConfigurationName = Release;
		};
/* End XCConfigurationList section */
	};
	rootObject = 11AC77D32AD3E4D8005E2A8C /* Project object */;
}
