// !$*UTF8*$!
{
	archiveVersion = 1;
	classes = {
	};
	objectVersion = 56;
	objects = {

/* Begin PBXBuildFile section */
		11C5557F2B20736B00F94AC0 /* AppDelegate.m in Sources */ = {isa = PBXBuildFile; fileRef = 11C5557E2B20736B00F94AC0 /* AppDelegate.m */; };
		11C555822B20736B00F94AC0 /* SceneDelegate.m in Sources */ = {isa = PBXBuildFile; fileRef = 11C555812B20736B00F94AC0 /* SceneDelegate.m */; };
		11C555852B20736B00F94AC0 /* ViewController.m in Sources */ = {isa = PBXBuildFile; fileRef = 11C555842B20736B00F94AC0 /* ViewController.m */; };
		11C555882B20736B00F94AC0 /* Main.storyboard in Resources */ = {isa = PBXBuildFile; fileRef = 11C555862B20736B00F94AC0 /* Main.storyboard */; };
		11C5558A2B20736C00F94AC0 /* Assets.xcassets in Resources */ = {isa = PBXBuildFile; fileRef = 11C555892B20736C00F94AC0 /* Assets.xcassets */; };
		11C5558D2B20736C00F94AC0 /* LaunchScreen.storyboard in Resources */ = {isa = PBXBuildFile; fileRef = 11C5558B2B20736C00F94AC0 /* LaunchScreen.storyboard */; };
		11C555902B20736C00F94AC0 /* main.m in Sources */ = {isa = PBXBuildFile; fileRef = 11C5558F2B20736C00F94AC0 /* main.m */; };
		11C5559C2B216DEE00F94AC0 /* lol_5v5.cfg in Resources */ = {isa = PBXBuildFile; fileRef = 11C5559A2B216DED00F94AC0 /* lol_5v5.cfg */; };
		11C5559D2B216DEE00F94AC0 /* tcg_default_ps4.cfg in Resources */ = {isa = PBXBuildFile; fileRef = 11C5559B2B216DED00F94AC0 /* tcg_default_ps4.cfg */; };
		C4219353D1924F5A460EA324 /* Pods_vKeyDemo.framework in Frameworks */ = {isa = PBXBuildFile; fileRef = 145B6096142335791418740A /* Pods_vKeyDemo.framework */; };
/* End PBXBuildFile section */

/* Begin PBXFileReference section */
		11C5557A2B20736B00F94AC0 /* vKeyDemo.app */ = {isa = PBXFileReference; explicitFileType = wrapper.application; includeInIndex = 0; path = vKeyDemo.app; sourceTree = BUILT_PRODUCTS_DIR; };
		11C5557D2B20736B00F94AC0 /* AppDelegate.h */ = {isa = PBXFileReference; lastKnownFileType = sourcecode.c.h; path = AppDelegate.h; sourceTree = "<group>"; };
		11C5557E2B20736B00F94AC0 /* AppDelegate.m */ = {isa = PBXFileReference; lastKnownFileType = sourcecode.c.objc; path = AppDelegate.m; sourceTree = "<group>"; };
		11C555802B20736B00F94AC0 /* SceneDelegate.h */ = {isa = PBXFileReference; lastKnownFileType = sourcecode.c.h; path = SceneDelegate.h; sourceTree = "<group>"; };
		11C555812B20736B00F94AC0 /* SceneDelegate.m */ = {isa = PBXFileReference; lastKnownFileType = sourcecode.c.objc; path = SceneDelegate.m; sourceTree = "<group>"; };
		11C555832B20736B00F94AC0 /* ViewController.h */ = {isa = PBXFileReference; lastKnownFileType = sourcecode.c.h; path = ViewController.h; sourceTree = "<group>"; };
		11C555842B20736B00F94AC0 /* ViewController.m */ = {isa = PBXFileReference; lastKnownFileType = sourcecode.c.objc; path = ViewController.m; sourceTree = "<group>"; };
		11C555872B20736B00F94AC0 /* Base */ = {isa = PBXFileReference; lastKnownFileType = file.storyboard; name = Base; path = Base.lproj/Main.storyboard; sourceTree = "<group>"; };
		11C555892B20736C00F94AC0 /* Assets.xcassets */ = {isa = PBXFileReference; lastKnownFileType = folder.assetcatalog; path = Assets.xcassets; sourceTree = "<group>"; };
		11C5558C2B20736C00F94AC0 /* Base */ = {isa = PBXFileReference; lastKnownFileType = file.storyboard; name = Base; path = Base.lproj/LaunchScreen.storyboard; sourceTree = "<group>"; };
		11C5558E2B20736C00F94AC0 /* Info.plist */ = {isa = PBXFileReference; lastKnownFileType = text.plist.xml; path = Info.plist; sourceTree = "<group>"; };
		11C5558F2B20736C00F94AC0 /* main.m */ = {isa = PBXFileReference; lastKnownFileType = sourcecode.c.objc; path = main.m; sourceTree = "<group>"; };
		11C5559A2B216DED00F94AC0 /* lol_5v5.cfg */ = {isa = PBXFileReference; fileEncoding = 4; lastKnownFileType = text; name = lol_5v5.cfg; path = "../../../../ios119/cloudgame-ios-sdk/Demo/3-VKeyDemo/VKeyDemo/lol_5v5.cfg"; sourceTree = "<group>"; };
		11C5559B2B216DED00F94AC0 /* tcg_default_ps4.cfg */ = {isa = PBXFileReference; fileEncoding = 4; lastKnownFileType = text; name = tcg_default_ps4.cfg; path = "../../../../ios119/cloudgame-ios-sdk/Demo/3-VKeyDemo/VKeyDemo/tcg_default_ps4.cfg"; sourceTree = "<group>"; };
		145B6096142335791418740A /* Pods_vKeyDemo.framework */ = {isa = PBXFileReference; explicitFileType = wrapper.framework; includeInIndex = 0; path = Pods_vKeyDemo.framework; sourceTree = BUILT_PRODUCTS_DIR; };
		B7E0964B490C76FFF7DC4648 /* Pods-vKeyDemo.release.xcconfig */ = {isa = PBXFileReference; includeInIndex = 1; lastKnownFileType = text.xcconfig; name = "Pods-vKeyDemo.release.xcconfig"; path = "Target Support Files/Pods-vKeyDemo/Pods-vKeyDemo.release.xcconfig"; sourceTree = "<group>"; };
		CED6268B99B1687B7DAFDCCB /* Pods-vKeyDemo.debug.xcconfig */ = {isa = PBXFileReference; includeInIndex = 1; lastKnownFileType = text.xcconfig; name = "Pods-vKeyDemo.debug.xcconfig"; path = "Target Support Files/Pods-vKeyDemo/Pods-vKeyDemo.debug.xcconfig"; sourceTree = "<group>"; };
/* End PBXFileReference section */

/* Begin PBXFrameworksBuildPhase section */
		11C555772B20736B00F94AC0 /* Frameworks */ = {
			isa = PBXFrameworksBuildPhase;
			buildActionMask = 2147483647;
			files = (
				C4219353D1924F5A460EA324 /* Pods_vKeyDemo.framework in Frameworks */,
			);
			runOnlyForDeploymentPostprocessing = 0;
		};
/* End PBXFrameworksBuildPhase section */

/* Begin PBXGroup section */
		11C555712B20736B00F94AC0 = {
			isa = PBXGroup;
			children = (
				11C5557C2B20736B00F94AC0 /* vKeyDemo */,
				11C5557B2B20736B00F94AC0 /* Products */,
				6E185748508676A21003C0B6 /* Pods */,
				13766956DB0BC88EE589C4C9 /* Frameworks */,
			);
			sourceTree = "<group>";
		};
		11C5557B2B20736B00F94AC0 /* Products */ = {
			isa = PBXGroup;
			children = (
				11C5557A2B20736B00F94AC0 /* vKeyDemo.app */,
			);
			name = Products;
			sourceTree = "<group>";
		};
		11C5557C2B20736B00F94AC0 /* vKeyDemo */ = {
			isa = PBXGroup;
			children = (
				11C5557D2B20736B00F94AC0 /* AppDelegate.h */,
				11C5557E2B20736B00F94AC0 /* AppDelegate.m */,
				11C555802B20736B00F94AC0 /* SceneDelegate.h */,
				11C555812B20736B00F94AC0 /* SceneDelegate.m */,
				11C555832B20736B00F94AC0 /* ViewController.h */,
				11C555842B20736B00F94AC0 /* ViewController.m */,
				11C5559A2B216DED00F94AC0 /* lol_5v5.cfg */,
				11C5559B2B216DED00F94AC0 /* tcg_default_ps4.cfg */,
				11C555862B20736B00F94AC0 /* Main.storyboard */,
				11C555892B20736C00F94AC0 /* Assets.xcassets */,
				11C5558B2B20736C00F94AC0 /* LaunchScreen.storyboard */,
				11C5558E2B20736C00F94AC0 /* Info.plist */,
				11C5558F2B20736C00F94AC0 /* main.m */,
			);
			path = vKeyDemo;
			sourceTree = "<group>";
		};
		13766956DB0BC88EE589C4C9 /* Frameworks */ = {
			isa = PBXGroup;
			children = (
				145B6096142335791418740A /* Pods_vKeyDemo.framework */,
			);
			name = Frameworks;
			sourceTree = "<group>";
		};
		6E185748508676A21003C0B6 /* Pods */ = {
			isa = PBXGroup;
			children = (
				CED6268B99B1687B7DAFDCCB /* Pods-vKeyDemo.debug.xcconfig */,
				B7E0964B490C76FFF7DC4648 /* Pods-vKeyDemo.release.xcconfig */,
			);
			path = Pods;
			sourceTree = "<group>";
		};
/* End PBXGroup section */

/* Begin PBXNativeTarget section */
		11C555792B20736B00F94AC0 /* vKeyDemo */ = {
			isa = PBXNativeTarget;
			buildConfigurationList = 11C555932B20736C00F94AC0 /* Build configuration list for PBXNativeTarget "vKeyDemo" */;
			buildPhases = (
				19E39746EE1C1CCC66AA33E3 /* [CP] Check Pods Manifest.lock */,
				11C555762B20736B00F94AC0 /* Sources */,
				11C555772B20736B00F94AC0 /* Frameworks */,
				11C555782B20736B00F94AC0 /* Resources */,
				4FE049E89EFEB9F9A4AD2CE9 /* [CP] Embed Pods Frameworks */,
			);
			buildRules = (
			);
			dependencies = (
			);
			name = vKeyDemo;
			productName = vKeyDemo;
			productReference = 11C5557A2B20736B00F94AC0 /* vKeyDemo.app */;
			productType = "com.apple.product-type.application";
		};
/* End PBXNativeTarget section */

/* Begin PBXProject section */
		11C555722B20736B00F94AC0 /* Project object */ = {
			isa = PBXProject;
			attributes = {
				BuildIndependentTargetsInParallel = 1;
				LastUpgradeCheck = 1500;
				TargetAttributes = {
					11C555792B20736B00F94AC0 = {
						CreatedOnToolsVersion = 15.0;
					};
				};
			};
			buildConfigurationList = 11C555752B20736B00F94AC0 /* Build configuration list for PBXProject "vKeyDemo" */;
			compatibilityVersion = "Xcode 14.0";
			developmentRegion = en;
			hasScannedForEncodings = 0;
			knownRegions = (
				en,
				Base,
			);
			mainGroup = 11C555712B20736B00F94AC0;
			productRefGroup = 11C5557B2B20736B00F94AC0 /* Products */;
			projectDirPath = "";
			projectRoot = "";
			targets = (
				11C555792B20736B00F94AC0 /* vKeyDemo */,
			);
		};
/* End PBXProject section */

/* Begin PBXResourcesBuildPhase section */
		11C555782B20736B00F94AC0 /* Resources */ = {
			isa = PBXResourcesBuildPhase;
			buildActionMask = 2147483647;
			files = (
				11C5558D2B20736C00F94AC0 /* LaunchScreen.storyboard in Resources */,
				11C5558A2B20736C00F94AC0 /* Assets.xcassets in Resources */,
				11C555882B20736B00F94AC0 /* Main.storyboard in Resources */,
				11C5559D2B216DEE00F94AC0 /* tcg_default_ps4.cfg in Resources */,
				11C5559C2B216DEE00F94AC0 /* lol_5v5.cfg in Resources */,
			);
			runOnlyForDeploymentPostprocessing = 0;
		};
/* End PBXResourcesBuildPhase section */

/* Begin PBXShellScriptBuildPhase section */
		19E39746EE1C1CCC66AA33E3 /* [CP] Check Pods Manifest.lock */ = {
			isa = PBXShellScriptBuildPhase;
			buildActionMask = 2147483647;
			files = (
			);
			inputFileListPaths = (
			);
			inputPaths = (
				"${PODS_PODFILE_DIR_PATH}/Podfile.lock",
				"${PODS_ROOT}/Manifest.lock",
			);
			name = "[CP] Check Pods Manifest.lock";
			outputFileListPaths = (
			);
			outputPaths = (
				"$(DERIVED_FILE_DIR)/Pods-vKeyDemo-checkManifestLockResult.txt",
			);
			runOnlyForDeploymentPostprocessing = 0;
			shellPath = /bin/sh;
			shellScript = "diff \"${PODS_PODFILE_DIR_PATH}/Podfile.lock\" \"${PODS_ROOT}/Manifest.lock\" > /dev/null\nif [ $? != 0 ] ; then\n    # print error to STDERR\n    echo \"error: The sandbox is not in sync with the Podfile.lock. Run 'pod install' or update your CocoaPods installation.\" >&2\n    exit 1\nfi\n# This output is used by Xcode 'outputs' to avoid re-running this script phase.\necho \"SUCCESS\" > \"${SCRIPT_OUTPUT_FILE_0}\"\n";
			showEnvVarsInLog = 0;
		};
		4FE049E89EFEB9F9A4AD2CE9 /* [CP] Embed Pods Frameworks */ = {
			isa = PBXShellScriptBuildPhase;
			buildActionMask = 2147483647;
			files = (
			);
			inputFileListPaths = (
				"${PODS_ROOT}/Target Support Files/Pods-vKeyDemo/Pods-vKeyDemo-frameworks-${CONFIGURATION}-input-files.xcfilelist",
			);
			name = "[CP] Embed Pods Frameworks";
			outputFileListPaths = (
				"${PODS_ROOT}/Target Support Files/Pods-vKeyDemo/Pods-vKeyDemo-frameworks-${CONFIGURATION}-output-files.xcfilelist",
			);
			runOnlyForDeploymentPostprocessing = 0;
			shellPath = /bin/sh;
			shellScript = "\"${PODS_ROOT}/Target Support Files/Pods-vKeyDemo/Pods-vKeyDemo-frameworks.sh\"\n";
			showEnvVarsInLog = 0;
		};
/* End PBXShellScriptBuildPhase section */

/* Begin PBXSourcesBuildPhase section */
		11C555762B20736B00F94AC0 /* Sources */ = {
			isa = PBXSourcesBuildPhase;
			buildActionMask = 2147483647;
			files = (
				11C555852B20736B00F94AC0 /* ViewController.m in Sources */,
				11C5557F2B20736B00F94AC0 /* AppDelegate.m in Sources */,
				11C555902B20736C00F94AC0 /* main.m in Sources */,
				11C555822B20736B00F94AC0 /* SceneDelegate.m in Sources */,
			);
			runOnlyForDeploymentPostprocessing = 0;
		};
/* End PBXSourcesBuildPhase section */

/* Begin PBXVariantGroup section */
		11C555862B20736B00F94AC0 /* Main.storyboard */ = {
			isa = PBXVariantGroup;
			children = (
				11C555872B20736B00F94AC0 /* Base */,
			);
			name = Main.storyboard;
			sourceTree = "<group>";
		};
		11C5558B2B20736C00F94AC0 /* LaunchScreen.storyboard */ = {
			isa = PBXVariantGroup;
			children = (
				11C5558C2B20736C00F94AC0 /* Base */,
			);
			name = LaunchScreen.storyboard;
			sourceTree = "<group>";
		};
/* End PBXVariantGroup section */

/* Begin XCBuildConfiguration section */
		11C555912B20736C00F94AC0 /* Debug */ = {
			isa = XCBuildConfiguration;
			buildSettings = {
				ALWAYS_SEARCH_USER_PATHS = NO;
				ASSETCATALOG_COMPILER_GENERATE_SWIFT_ASSET_SYMBOL_EXTENSIONS = YES;
				CLANG_ANALYZER_NONNULL = YES;
				CLANG_ANALYZER_NUMBER_OBJECT_CONVERSION = YES_AGGRESSIVE;
				CLANG_CXX_LANGUAGE_STANDARD = "gnu++20";
				CLANG_ENABLE_MODULES = YES;
				CLANG_ENABLE_OBJC_ARC = YES;
				CLANG_ENABLE_OBJC_WEAK = YES;
				CLANG_WARN_BLOCK_CAPTURE_AUTORELEASING = YES;
				CLANG_WARN_BOOL_CONVERSION = YES;
				CLANG_WARN_COMMA = YES;
				CLANG_WARN_CONSTANT_CONVERSION = YES;
				CLANG_WARN_DEPRECATED_OBJC_IMPLEMENTATIONS = YES;
				CLANG_WARN_DIRECT_OBJC_ISA_USAGE = YES_ERROR;
				CLANG_WARN_DOCUMENTATION_COMMENTS = YES;
				CLANG_WARN_EMPTY_BODY = YES;
				CLANG_WARN_ENUM_CONVERSION = YES;
				CLANG_WARN_INFINITE_RECURSION = YES;
				CLANG_WARN_INT_CONVERSION = YES;
				CLANG_WARN_NON_LITERAL_NULL_CONVERSION = YES;
				CLANG_WARN_OBJC_IMPLICIT_RETAIN_SELF = YES;
				CLANG_WARN_OBJC_LITERAL_CONVERSION = YES;
				CLANG_WARN_OBJC_ROOT_CLASS = YES_ERROR;
				CLANG_WARN_QUOTED_INCLUDE_IN_FRAMEWORK_HEADER = YES;
				CLANG_WARN_RANGE_LOOP_ANALYSIS = YES;
				CLANG_WARN_STRICT_PROTOTYPES = YES;
				CLANG_WARN_SUSPICIOUS_MOVE = YES;
				CLANG_WARN_UNGUARDED_AVAILABILITY = YES_AGGRESSIVE;
				CLANG_WARN_UNREACHABLE_CODE = YES;
				CLANG_WARN__DUPLICATE_METHOD_MATCH = YES;
				COPY_PHASE_STRIP = NO;
				DEBUG_INFORMATION_FORMAT = dwarf;
				ENABLE_STRICT_OBJC_MSGSEND = YES;
				ENABLE_TESTABILITY = YES;
				ENABLE_USER_SCRIPT_SANDBOXING = NO;
				GCC_C_LANGUAGE_STANDARD = gnu17;
				GCC_DYNAMIC_NO_PIC = NO;
				GCC_NO_COMMON_BLOCKS = YES;
				GCC_OPTIMIZATION_LEVEL = 0;
				GCC_PREPROCESSOR_DEFINITIONS = (
					"DEBUG=1",
					"$(inherited)",
				);
				GCC_WARN_64_TO_32_BIT_CONVERSION = YES;
				GCC_WARN_ABOUT_RETURN_TYPE = YES_ERROR;
				GCC_WARN_UNDECLARED_SELECTOR = YES;
				GCC_WARN_UNINITIALIZED_AUTOS = YES_AGGRESSIVE;
				GCC_WARN_UNUSED_FUNCTION = YES;
				GCC_WARN_UNUSED_VARIABLE = YES;
				IPHONEOS_DEPLOYMENT_TARGET = 17.0;
				LOCALIZATION_PREFERS_STRING_CATALOGS = YES;
				MTL_ENABLE_DEBUG_INFO = INCLUDE_SOURCE;
				MTL_FAST_MATH = YES;
				ONLY_ACTIVE_ARCH = YES;
				SDKROOT = iphoneos;
			};
			name = Debug;
		};
		11C555922B20736C00F94AC0 /* Release */ = {
			isa = XCBuildConfiguration;
			buildSettings = {
				ALWAYS_SEARCH_USER_PATHS = NO;
				ASSETCATALOG_COMPILER_GENERATE_SWIFT_ASSET_SYMBOL_EXTENSIONS = YES;
				CLANG_ANALYZER_NONNULL = YES;
				CLANG_ANALYZER_NUMBER_OBJECT_CONVERSION = YES_AGGRESSIVE;
				CLANG_CXX_LANGUAGE_STANDARD = "gnu++20";
				CLANG_ENABLE_MODULES = YES;
				CLANG_ENABLE_OBJC_ARC = YES;
				CLANG_ENABLE_OBJC_WEAK = YES;
				CLANG_WARN_BLOCK_CAPTURE_AUTORELEASING = YES;
				CLANG_WARN_BOOL_CONVERSION = YES;
				CLANG_WARN_COMMA = YES;
				CLANG_WARN_CONSTANT_CONVERSION = YES;
				CLANG_WARN_DEPRECATED_OBJC_IMPLEMENTATIONS = YES;
				CLANG_WARN_DIRECT_OBJC_ISA_USAGE = YES_ERROR;
				CLANG_WARN_DOCUMENTATION_COMMENTS = YES;
				CLANG_WARN_EMPTY_BODY = YES;
				CLANG_WARN_ENUM_CONVERSION = YES;
				CLANG_WARN_INFINITE_RECURSION = YES;
				CLANG_WARN_INT_CONVERSION = YES;
				CLANG_WARN_NON_LITERAL_NULL_CONVERSION = YES;
				CLANG_WARN_OBJC_IMPLICIT_RETAIN_SELF = YES;
				CLANG_WARN_OBJC_LITERAL_CONVERSION = YES;
				CLANG_WARN_OBJC_ROOT_CLASS = YES_ERROR;
				CLANG_WARN_QUOTED_INCLUDE_IN_FRAMEWORK_HEADER = YES;
				CLANG_WARN_RANGE_LOOP_ANALYSIS = YES;
				CLANG_WARN_STRICT_PROTOTYPES = YES;
				CLANG_WARN_SUSPICIOUS_MOVE = YES;
				CLANG_WARN_UNGUARDED_AVAILABILITY = YES_AGGRESSIVE;
				CLANG_WARN_UNREACHABLE_CODE = YES;
				CLANG_WARN__DUPLICATE_METHOD_MATCH = YES;
				COPY_PHASE_STRIP = NO;
				DEBUG_INFORMATION_FORMAT = "dwarf-with-dsym";
				ENABLE_NS_ASSERTIONS = NO;
				ENABLE_STRICT_OBJC_MSGSEND = YES;
				ENABLE_USER_SCRIPT_SANDBOXING = NO;
				GCC_C_LANGUAGE_STANDARD = gnu17;
				GCC_NO_COMMON_BLOCKS = YES;
				GCC_WARN_64_TO_32_BIT_CONVERSION = YES;
				GCC_WARN_ABOUT_RETURN_TYPE = YES_ERROR;
				GCC_WARN_UNDECLARED_SELECTOR = YES;
				GCC_WARN_UNINITIALIZED_AUTOS = YES_AGGRESSIVE;
				GCC_WARN_UNUSED_FUNCTION = YES;
				GCC_WARN_UNUSED_VARIABLE = YES;
				IPHONEOS_DEPLOYMENT_TARGET = 17.0;
				LOCALIZATION_PREFERS_STRING_CATALOGS = YES;
				MTL_ENABLE_DEBUG_INFO = NO;
				MTL_FAST_MATH = YES;
				SDKROOT = iphoneos;
				VALIDATE_PRODUCT = YES;
			};
			name = Release;
		};
		11C555942B20736C00F94AC0 /* Debug */ = {
			isa = XCBuildConfiguration;
			baseConfigurationReference = CED6268B99B1687B7DAFDCCB /* Pods-vKeyDemo.debug.xcconfig */;
			buildSettings = {
				ASSETCATALOG_COMPILER_APPICON_NAME = AppIcon;
				ASSETCATALOG_COMPILER_GLOBAL_ACCENT_COLOR_NAME = AccentColor;
				CODE_SIGN_STYLE = Automatic;
				CURRENT_PROJECT_VERSION = 1;
				DEVELOPMENT_TEAM = VB7SR75QG4;
				GENERATE_INFOPLIST_FILE = YES;
				INFOPLIST_FILE = vKeyDemo/Info.plist;
				INFOPLIST_KEY_NSMicrophoneUsageDescription = micro;
				INFOPLIST_KEY_UIApplicationSupportsIndirectInputEvents = YES;
				INFOPLIST_KEY_UILaunchStoryboardName = LaunchScreen;
				INFOPLIST_KEY_UIMainStoryboardFile = Main;
				INFOPLIST_KEY_UISupportedInterfaceOrientations_iPad = "UIInterfaceOrientationPortrait UIInterfaceOrientationPortraitUpsideDown UIInterfaceOrientationLandscapeLeft UIInterfaceOrientationLandscapeRight";
				INFOPLIST_KEY_UISupportedInterfaceOrientations_iPhone = "UIInterfaceOrientationPortrait UIInterfaceOrientationLandscapeLeft UIInterfaceOrientationLandscapeRight";
				IPHONEOS_DEPLOYMENT_TARGET = 12.1;
				LD_RUNPATH_SEARCH_PATHS = (
					"$(inherited)",
					"@executable_path/Frameworks",
				);
				MARKETING_VERSION = 1.0;
				PRODUCT_BUNDLE_IDENTIFIER = com.tencent.tcrsdk.vKeyDemo.1;
				PRODUCT_NAME = "$(TARGET_NAME)";
				SUPPORTED_PLATFORMS = "iphoneos iphonesimulator";
				SUPPORTS_MACCATALYST = NO;
				SWIFT_EMIT_LOC_STRINGS = YES;
				TARGETED_DEVICE_FAMILY = 1;
			};
			name = Debug;
		};
		11C555952B20736C00F94AC0 /* Release */ = {
			isa = XCBuildConfiguration;
			baseConfigurationReference = B7E0964B490C76FFF7DC4648 /* Pods-vKeyDemo.release.xcconfig */;
			buildSettings = {
				ASSETCATALOG_COMPILER_APPICON_NAME = AppIcon;
				ASSETCATALOG_COMPILER_GLOBAL_ACCENT_COLOR_NAME = AccentColor;
				CODE_SIGN_STYLE = Automatic;
				CURRENT_PROJECT_VERSION = 1;
				DEVELOPMENT_TEAM = VB7SR75QG4;
				GENERATE_INFOPLIST_FILE = YES;
				INFOPLIST_FILE = vKeyDemo/Info.plist;
				INFOPLIST_KEY_NSMicrophoneUsageDescription = micro;
				INFOPLIST_KEY_UIApplicationSupportsIndirectInputEvents = YES;
				INFOPLIST_KEY_UILaunchStoryboardName = LaunchScreen;
				INFOPLIST_KEY_UIMainStoryboardFile = Main;
				INFOPLIST_KEY_UISupportedInterfaceOrientations_iPad = "UIInterfaceOrientationPortrait UIInterfaceOrientationPortraitUpsideDown UIInterfaceOrientationLandscapeLeft UIInterfaceOrientationLandscapeRight";
				INFOPLIST_KEY_UISupportedInterfaceOrientations_iPhone = "UIInterfaceOrientationPortrait UIInterfaceOrientationLandscapeLeft UIInterfaceOrientationLandscapeRight";
				IPHONEOS_DEPLOYMENT_TARGET = 12.1;
				LD_RUNPATH_SEARCH_PATHS = (
					"$(inherited)",
					"@executable_path/Frameworks",
				);
				MARKETING_VERSION = 1.0;
				PRODUCT_BUNDLE_IDENTIFIER = com.tencent.tcrsdk.vKeyDemo.1;
				PRODUCT_NAME = "$(TARGET_NAME)";
				SUPPORTED_PLATFORMS = "iphoneos iphonesimulator";
				SUPPORTS_MACCATALYST = NO;
				SWIFT_EMIT_LOC_STRINGS = YES;
				TARGETED_DEVICE_FAMILY = 1;
			};
			name = Release;
		};
/* End XCBuildConfiguration section */

/* Begin XCConfigurationList section */
		11C555752B20736B00F94AC0 /* Build configuration list for PBXProject "vKeyDemo" */ = {
			isa = XCConfigurationList;
			buildConfigurations = (
				11C555912B20736C00F94AC0 /* Debug */,
				11C555922B20736C00F94AC0 /* Release */,
			);
			defaultConfigurationIsVisible = 0;
			defaultConfigurationName = Release;
		};
		11C555932B20736C00F94AC0 /* Build configuration list for PBXNativeTarget "vKeyDemo" */ = {
			isa = XCConfigurationList;
			buildConfigurations = (
				11C555942B20736C00F94AC0 /* Debug */,
				11C555952B20736C00F94AC0 /* Release */,
			);
			defaultConfigurationIsVisible = 0;
			defaultConfigurationName = Release;
		};
/* End XCConfigurationList section */
	};
	rootObject = 11C555722B20736B00F94AC0 /* Project object */;
}
