PODS:
  - TCRSDK (2.0.0)

DEPENDENCIES:
  - TCRSDK (from `https://github.com/tencentyun/cloudgame-ios-sdk.git`, branch `refactor/sdk2.0`)

EXTERNAL SOURCES:
  TCRSDK:
    :branch: refactor/sdk2.0
    :git: https://github.com/tencentyun/cloudgame-ios-sdk.git

CHECKOUT OPTIONS:
  TCRSDK:
    :commit: 6eeee6ace2d976719ae24be1240c906b0b830177
    :git: https://github.com/tencentyun/cloudgame-ios-sdk.git

SPEC CHECKSUMS:
  TCRSDK: cd44515372cff740f2716037fc1c628c9e23d0c2

PODFILE CHECKSUM: 3b3a41967bb982e7a63ec670d657fe4ae01d1a1f

COCOAPODS: 1.12.0
