// !$*UTF8*$!
{
	archiveVersion = 1;
	classes = {
	};
	objectVersion = 50;
	objects = {

/* Begin PBXBuildFile section */
		8AB05950271EC91A00D5B560 /* AppDelegate.m in Sources */ = {isa = PBXBuildFile; fileRef = 8AB0594F271EC91A00D5B560 /* AppDelegate.m */; };
		8AB05956271EC91A00D5B560 /* ViewController.m in Sources */ = {isa = PBXBuildFile; fileRef = 8AB05955271EC91A00D5B560 /* ViewController.m */; };
		8AB05959271EC91A00D5B560 /* Main.storyboard in Resources */ = {isa = PBXBuildFile; fileRef = 8AB05957271EC91A00D5B560 /* Main.storyboard */; };
		8AB0595B271EC91B00D5B560 /* Assets.xcassets in Resources */ = {isa = PBXBuildFile; fileRef = 8AB0595A271EC91B00D5B560 /* Assets.xcassets */; };
		8AB0595E271EC91B00D5B560 /* LaunchScreen.storyboard in Resources */ = {isa = PBXBuildFile; fileRef = 8AB0595C271EC91B00D5B560 /* LaunchScreen.storyboard */; };
		8AB05961271EC91B00D5B560 /* main.m in Sources */ = {isa = PBXBuildFile; fileRef = 8AB05960271EC91B00D5B560 /* main.m */; };
/* End PBXBuildFile section */

/* Begin PBXFileReference section */
		8AB0594B271EC91A00D5B560 /* SimpleMobile.app */ = {isa = PBXFileReference; explicitFileType = wrapper.application; includeInIndex = 0; path = SimpleMobile.app; sourceTree = BUILT_PRODUCTS_DIR; };
		8AB0594E271EC91A00D5B560 /* AppDelegate.h */ = {isa = PBXFileReference; lastKnownFileType = sourcecode.c.h; path = AppDelegate.h; sourceTree = "<group>"; };
		8AB0594F271EC91A00D5B560 /* AppDelegate.m */ = {isa = PBXFileReference; lastKnownFileType = sourcecode.c.objc; path = AppDelegate.m; sourceTree = "<group>"; };
		8AB05954271EC91A00D5B560 /* ViewController.h */ = {isa = PBXFileReference; lastKnownFileType = sourcecode.c.h; path = ViewController.h; sourceTree = "<group>"; };
		8AB05955271EC91A00D5B560 /* ViewController.m */ = {isa = PBXFileReference; lastKnownFileType = sourcecode.c.objc; path = ViewController.m; sourceTree = "<group>"; };
		8AB05958271EC91A00D5B560 /* Base */ = {isa = PBXFileReference; lastKnownFileType = file.storyboard; name = Base; path = Base.lproj/Main.storyboard; sourceTree = "<group>"; };
		8AB0595A271EC91B00D5B560 /* Assets.xcassets */ = {isa = PBXFileReference; lastKnownFileType = folder.assetcatalog; path = Assets.xcassets; sourceTree = "<group>"; };
		8AB0595D271EC91B00D5B560 /* Base */ = {isa = PBXFileReference; lastKnownFileType = file.storyboard; name = Base; path = Base.lproj/LaunchScreen.storyboard; sourceTree = "<group>"; };
		8AB0595F271EC91B00D5B560 /* Info.plist */ = {isa = PBXFileReference; lastKnownFileType = text.plist.xml; path = Info.plist; sourceTree = "<group>"; };
		8AB05960271EC91B00D5B560 /* main.m */ = {isa = PBXFileReference; lastKnownFileType = sourcecode.c.objc; path = main.m; sourceTree = "<group>"; };
/* End PBXFileReference section */

/* Begin PBXFrameworksBuildPhase section */
		8AB05948271EC91A00D5B560 /* Frameworks */ = {
			isa = PBXFrameworksBuildPhase;
			buildActionMask = 2147483647;
			files = (
			);
			runOnlyForDeploymentPostprocessing = 0;
		};
/* End PBXFrameworksBuildPhase section */

/* Begin PBXGroup section */
		8AB05942271EC91A00D5B560 = {
			isa = PBXGroup;
			children = (
				8AB0594D271EC91A00D5B560 /* SimpleMobile */,
				8AB0594C271EC91A00D5B560 /* Products */,
			);
			sourceTree = "<group>";
		};
		8AB0594C271EC91A00D5B560 /* Products */ = {
			isa = PBXGroup;
			children = (
				8AB0594B271EC91A00D5B560 /* SimpleMobile.app */,
			);
			name = Products;
			sourceTree = "<group>";
		};
		8AB0594D271EC91A00D5B560 /* SimpleMobile */ = {
			isa = PBXGroup;
			children = (
				8AB0594E271EC91A00D5B560 /* AppDelegate.h */,
				8AB0594F271EC91A00D5B560 /* AppDelegate.m */,
				8AB05954271EC91A00D5B560 /* ViewController.h */,
				8AB05955271EC91A00D5B560 /* ViewController.m */,
				8AB05957271EC91A00D5B560 /* Main.storyboard */,
				8AB0595A271EC91B00D5B560 /* Assets.xcassets */,
				8AB0595C271EC91B00D5B560 /* LaunchScreen.storyboard */,
				8AB0595F271EC91B00D5B560 /* Info.plist */,
				8AB05960271EC91B00D5B560 /* main.m */,
			);
			path = SimpleMobile;
			sourceTree = "<group>";
		};
/* End PBXGroup section */

/* Begin PBXNativeTarget section */
		8AB0594A271EC91A00D5B560 /* SimpleMobile */ = {
			isa = PBXNativeTarget;
			buildConfigurationList = 8AB05964271EC91B00D5B560 /* Build configuration list for PBXNativeTarget "SimpleMobile" */;
			buildPhases = (
				8AB05947271EC91A00D5B560 /* Sources */,
				8AB05948271EC91A00D5B560 /* Frameworks */,
				8AB05949271EC91A00D5B560 /* Resources */,
			);
			buildRules = (
			);
			dependencies = (
			);
			name = SimpleMobile;
			productName = SimpleMobile;
			productReference = 8AB0594B271EC91A00D5B560 /* SimpleMobile.app */;
			productType = "com.apple.product-type.application";
		};
/* End PBXNativeTarget section */

/* Begin PBXProject section */
		8AB05943271EC91A00D5B560 /* Project object */ = {
			isa = PBXProject;
			attributes = {
				LastUpgradeCheck = 1170;
				ORGANIZATIONNAME = yujunlei;
				TargetAttributes = {
					8AB0594A271EC91A00D5B560 = {
						CreatedOnToolsVersion = 11.7;
					};
				};
			};
			buildConfigurationList = 8AB05946271EC91A00D5B560 /* Build configuration list for PBXProject "SimpleMobile" */;
			compatibilityVersion = "Xcode 9.3";
			developmentRegion = en;
			hasScannedForEncodings = 0;
			knownRegions = (
				en,
				Base,
			);
			mainGroup = 8AB05942271EC91A00D5B560;
			productRefGroup = 8AB0594C271EC91A00D5B560 /* Products */;
			projectDirPath = "";
			projectRoot = "";
			targets = (
				8AB0594A271EC91A00D5B560 /* SimpleMobile */,
			);
		};
/* End PBXProject section */

/* Begin PBXResourcesBuildPhase section */
		8AB05949271EC91A00D5B560 /* Resources */ = {
			isa = PBXResourcesBuildPhase;
			buildActionMask = 2147483647;
			files = (
				8AB0595E271EC91B00D5B560 /* LaunchScreen.storyboard in Resources */,
				8AB0595B271EC91B00D5B560 /* Assets.xcassets in Resources */,
				8AB05959271EC91A00D5B560 /* Main.storyboard in Resources */,
			);
			runOnlyForDeploymentPostprocessing = 0;
		};
/* End PBXResourcesBuildPhase section */

/* Begin PBXSourcesBuildPhase section */
		8AB05947271EC91A00D5B560 /* Sources */ = {
			isa = PBXSourcesBuildPhase;
			buildActionMask = 2147483647;
			files = (
				8AB05956271EC91A00D5B560 /* ViewController.m in Sources */,
				8AB05950271EC91A00D5B560 /* AppDelegate.m in Sources */,
				8AB05961271EC91B00D5B560 /* main.m in Sources */,
			);
			runOnlyForDeploymentPostprocessing = 0;
		};
/* End PBXSourcesBuildPhase section */

/* Begin PBXVariantGroup section */
		8AB05957271EC91A00D5B560 /* Main.storyboard */ = {
			isa = PBXVariantGroup;
			children = (
				8AB05958271EC91A00D5B560 /* Base */,
			);
			name = Main.storyboard;
			sourceTree = "<group>";
		};
		8AB0595C271EC91B00D5B560 /* LaunchScreen.storyboard */ = {
			isa = PBXVariantGroup;
			children = (
				8AB0595D271EC91B00D5B560 /* Base */,
			);
			name = LaunchScreen.storyboard;
			sourceTree = "<group>";
		};
/* End PBXVariantGroup section */

/* Begin XCBuildConfiguration section */
		8AB05962271EC91B00D5B560 /* Debug */ = {
			isa = XCBuildConfiguration;
			buildSettings = {
				ALWAYS_SEARCH_USER_PATHS = NO;
				CLANG_ANALYZER_NONNULL = YES;
				CLANG_ANALYZER_NUMBER_OBJECT_CONVERSION = YES_AGGRESSIVE;
				CLANG_CXX_LANGUAGE_STANDARD = "gnu++14";
				CLANG_CXX_LIBRARY = "libc++";
				CLANG_ENABLE_MODULES = YES;
				CLANG_ENABLE_OBJC_ARC = YES;
				CLANG_ENABLE_OBJC_WEAK = YES;
				CLANG_WARN_BLOCK_CAPTURE_AUTORELEASING = YES;
				CLANG_WARN_BOOL_CONVERSION = YES;
				CLANG_WARN_COMMA = YES;
				CLANG_WARN_CONSTANT_CONVERSION = YES;
				CLANG_WARN_DEPRECATED_OBJC_IMPLEMENTATIONS = YES;
				CLANG_WARN_DIRECT_OBJC_ISA_USAGE = YES_ERROR;
				CLANG_WARN_DOCUMENTATION_COMMENTS = YES;
				CLANG_WARN_EMPTY_BODY = YES;
				CLANG_WARN_ENUM_CONVERSION = YES;
				CLANG_WARN_INFINITE_RECURSION = YES;
				CLANG_WARN_INT_CONVERSION = YES;
				CLANG_WARN_NON_LITERAL_NULL_CONVERSION = YES;
				CLANG_WARN_OBJC_IMPLICIT_RETAIN_SELF = YES;
				CLANG_WARN_OBJC_LITERAL_CONVERSION = YES;
				CLANG_WARN_OBJC_ROOT_CLASS = YES_ERROR;
				CLANG_WARN_RANGE_LOOP_ANALYSIS = YES;
				CLANG_WARN_STRICT_PROTOTYPES = YES;
				CLANG_WARN_SUSPICIOUS_MOVE = YES;
				CLANG_WARN_UNGUARDED_AVAILABILITY = YES_AGGRESSIVE;
				CLANG_WARN_UNREACHABLE_CODE = YES;
				CLANG_WARN__DUPLICATE_METHOD_MATCH = YES;
				COPY_PHASE_STRIP = NO;
				DEBUG_INFORMATION_FORMAT = dwarf;
				ENABLE_STRICT_OBJC_MSGSEND = YES;
				ENABLE_TESTABILITY = YES;
				GCC_C_LANGUAGE_STANDARD = gnu11;
				GCC_DYNAMIC_NO_PIC = NO;
				GCC_NO_COMMON_BLOCKS = YES;
				GCC_OPTIMIZATION_LEVEL = 0;
				GCC_PREPROCESSOR_DEFINITIONS = (
					"DEBUG=1",
					"$(inherited)",
				);
				GCC_WARN_64_TO_32_BIT_CONVERSION = YES;
				GCC_WARN_ABOUT_RETURN_TYPE = YES_ERROR;
				GCC_WARN_UNDECLARED_SELECTOR = YES;
				GCC_WARN_UNINITIALIZED_AUTOS = YES_AGGRESSIVE;
				GCC_WARN_UNUSED_FUNCTION = YES;
				GCC_WARN_UNUSED_VARIABLE = YES;
				IPHONEOS_DEPLOYMENT_TARGET = 13.7;
				MTL_ENABLE_DEBUG_INFO = INCLUDE_SOURCE;
				MTL_FAST_MATH = YES;
				ONLY_ACTIVE_ARCH = YES;
				SDKROOT = iphoneos;
			};
			name = Debug;
		};
		8AB05963271EC91B00D5B560 /* Release */ = {
			isa = XCBuildConfiguration;
			buildSettings = {
				ALWAYS_SEARCH_USER_PATHS = NO;
				CLANG_ANALYZER_NONNULL = YES;
				CLANG_ANALYZER_NUMBER_OBJECT_CONVERSION = YES_AGGRESSIVE;
				CLANG_CXX_LANGUAGE_STANDARD = "gnu++14";
				CLANG_CXX_LIBRARY = "libc++";
				CLANG_ENABLE_MODULES = YES;
				CLANG_ENABLE_OBJC_ARC = YES;
				CLANG_ENABLE_OBJC_WEAK = YES;
				CLANG_WARN_BLOCK_CAPTURE_AUTORELEASING = YES;
				CLANG_WARN_BOOL_CONVERSION = YES;
				CLANG_WARN_COMMA = YES;
				CLANG_WARN_CONSTANT_CONVERSION = YES;
				CLANG_WARN_DEPRECATED_OBJC_IMPLEMENTATIONS = YES;
				CLANG_WARN_DIRECT_OBJC_ISA_USAGE = YES_ERROR;
				CLANG_WARN_DOCUMENTATION_COMMENTS = YES;
				CLANG_WARN_EMPTY_BODY = YES;
				CLANG_WARN_ENUM_CONVERSION = YES;
				CLANG_WARN_INFINITE_RECURSION = YES;
				CLANG_WARN_INT_CONVERSION = YES;
				CLANG_WARN_NON_LITERAL_NULL_CONVERSION = YES;
				CLANG_WARN_OBJC_IMPLICIT_RETAIN_SELF = YES;
				CLANG_WARN_OBJC_LITERAL_CONVERSION = YES;
				CLANG_WARN_OBJC_ROOT_CLASS = YES_ERROR;
				CLANG_WARN_RANGE_LOOP_ANALYSIS = YES;
				CLANG_WARN_STRICT_PROTOTYPES = YES;
				CLANG_WARN_SUSPICIOUS_MOVE = YES;
				CLANG_WARN_UNGUARDED_AVAILABILITY = YES_AGGRESSIVE;
				CLANG_WARN_UNREACHABLE_CODE = YES;
				CLANG_WARN__DUPLICATE_METHOD_MATCH = YES;
				COPY_PHASE_STRIP = NO;
				DEBUG_INFORMATION_FORMAT = "dwarf-with-dsym";
				ENABLE_NS_ASSERTIONS = NO;
				ENABLE_STRICT_OBJC_MSGSEND = YES;
				GCC_C_LANGUAGE_STANDARD = gnu11;
				GCC_NO_COMMON_BLOCKS = YES;
				GCC_WARN_64_TO_32_BIT_CONVERSION = YES;
				GCC_WARN_ABOUT_RETURN_TYPE = YES_ERROR;
				GCC_WARN_UNDECLARED_SELECTOR = YES;
				GCC_WARN_UNINITIALIZED_AUTOS = YES_AGGRESSIVE;
				GCC_WARN_UNUSED_FUNCTION = YES;
				GCC_WARN_UNUSED_VARIABLE = YES;
				IPHONEOS_DEPLOYMENT_TARGET = 13.7;
				MTL_ENABLE_DEBUG_INFO = NO;
				MTL_FAST_MATH = YES;
				SDKROOT = iphoneos;
				VALIDATE_PRODUCT = YES;
			};
			name = Release;
		};
		8AB05965271EC91B00D5B560 /* Debug */ = {
			isa = XCBuildConfiguration;
			buildSettings = {
				ASSETCATALOG_COMPILER_APPICON_NAME = AppIcon;
				CODE_SIGN_STYLE = Automatic;
				DEVELOPMENT_TEAM = F534TE2RW6;
				ENABLE_BITCODE = NO;
				INFOPLIST_FILE = SimpleMobile/Info.plist;
				IPHONEOS_DEPLOYMENT_TARGET = 12.2;
				LD_RUNPATH_SEARCH_PATHS = (
					"$(inherited)",
					"@executable_path/Frameworks",
				);
				PRODUCT_BUNDLE_IDENTIFIER = com.junlei.demo.SimpleMobile;
				PRODUCT_NAME = "$(TARGET_NAME)";
				TARGETED_DEVICE_FAMILY = 1;
			};
			name = Debug;
		};
		8AB05966271EC91B00D5B560 /* Release */ = {
			isa = XCBuildConfiguration;
			buildSettings = {
				ASSETCATALOG_COMPILER_APPICON_NAME = AppIcon;
				CODE_SIGN_STYLE = Automatic;
				DEVELOPMENT_TEAM = F534TE2RW6;
				ENABLE_BITCODE = NO;
				INFOPLIST_FILE = SimpleMobile/Info.plist;
				IPHONEOS_DEPLOYMENT_TARGET = 12.2;
				LD_RUNPATH_SEARCH_PATHS = (
					"$(inherited)",
					"@executable_path/Frameworks",
				);
				PRODUCT_BUNDLE_IDENTIFIER = com.junlei.demo.SimpleMobile;
				PRODUCT_NAME = "$(TARGET_NAME)";
				TARGETED_DEVICE_FAMILY = 1;
			};
			name = Release;
		};
/* End XCBuildConfiguration section */

/* Begin XCConfigurationList section */
		8AB05946271EC91A00D5B560 /* Build configuration list for PBXProject "SimpleMobile" */ = {
			isa = XCConfigurationList;
			buildConfigurations = (
				8AB05962271EC91B00D5B560 /* Debug */,
				8AB05963271EC91B00D5B560 /* Release */,
			);
			defaultConfigurationIsVisible = 0;
			defaultConfigurationName = Release;
		};
		8AB05964271EC91B00D5B560 /* Build configuration list for PBXNativeTarget "SimpleMobile" */ = {
			isa = XCConfigurationList;
			buildConfigurations = (
				8AB05965271EC91B00D5B560 /* Debug */,
				8AB05966271EC91B00D5B560 /* Release */,
			);
			defaultConfigurationIsVisible = 0;
			defaultConfigurationName = Release;
		};
/* End XCConfigurationList section */
	};
	rootObject = 8AB05943271EC91A00D5B560 /* Project object */;
}
