// !$*UTF8*$!
{
	archiveVersion = 1;
	classes = {
	};
	objectVersion = 56;
	objects = {

/* Begin PBXBuildFile section */
		02E0D28A51C71909BED1A2A2 /* CAIDemoSettingView.m in Sources */ = {isa = PBXBuildFile; fileRef = 341E299D7326BDB4D9385876 /* CAIDemoSettingView.m */; };
		0372FBECA31F5301C25E6F76 /* CAIAudioCapturer.m in Sources */ = {isa = PBXBuildFile; fileRef = 2298B8EEFBCE26124652E40A /* CAIAudioCapturer.m */; };
		14AC3350547E65AA311EC544 /* DemoToast.m in Sources */ = {isa = PBXBuildFile; fileRef = AD8244CFEE27A56C95F0ABD2 /* DemoToast.m */; };
		1C8633AF61B4AA5B57876FB1 /* LoginVC.m in Sources */ = {isa = PBXBuildFile; fileRef = 427F463AB29F438F4024D946 /* LoginVC.m */; };
		3715842C088EBF180A71F257 /* ExpServerRequest.m in Sources */ = {isa = PBXBuildFile; fileRef = ECBF3D50A61ECD5B74DACE76 /* ExpServerRequest.m */; };
		3CA5AAAD96D77440166FE063 /* picture.jpg in Resources */ = {isa = PBXBuildFile; fileRef = 9667EB29F6F348D7F9AE2775 /* picture.jpg */; };
		4D9213EC2E151C4500C9E8AA /* SystemConfiguration.framework in Frameworks */ = {isa = PBXBuildFile; fileRef = 4D9213EB2E151C4500C9E8AA /* SystemConfiguration.framework */; };
		4D9213EE2E151C4B00C9E8AA /* JavaScriptCore.framework in Frameworks */ = {isa = PBXBuildFile; fileRef = 4D9213ED2E151C4B00C9E8AA /* JavaScriptCore.framework */; };
		4D9213F02E151C5300C9E8AA /* Security.framework in Frameworks */ = {isa = PBXBuildFile; fileRef = 4D9213EF2E151C5300C9E8AA /* Security.framework */; };
		4D9213F22E151C5B00C9E8AA /* libz.tbd in Frameworks */ = {isa = PBXBuildFile; fileRef = 4D9213F12E151C5B00C9E8AA /* libz.tbd */; };
		4D9213F42E151C6100C9E8AA /* libc++.tbd in Frameworks */ = {isa = PBXBuildFile; fileRef = 4D9213F32E151C6100C9E8AA /* libc++.tbd */; };
		76439D29BD13F6FF76296C3E /* Pods_TCAIDemo.framework in Frameworks */ = {isa = PBXBuildFile; fileRef = 15A6DE88B5B739D272527BD7 /* Pods_TCAIDemo.framework */; };
		79BBE27570663870D3F2F4F8 /* InstanceListVC.m in Sources */ = {isa = PBXBuildFile; fileRef = 72FCC7210C9F494075CE605D /* InstanceListVC.m */; };
		7C3D7FA0245DE206737BE7E0 /* StreamingVC.m in Sources */ = {isa = PBXBuildFile; fileRef = E2AE7BCD28FB917F4434CCF4 /* StreamingVC.m */; };
		80194837A0D2E58FF49A0F2C /* InstanceControlVC.m in Sources */ = {isa = PBXBuildFile; fileRef = A2DF8C6A1D9D71DFE659287F /* InstanceControlVC.m */; };
		919A43E72E81898A90C920C1 /* CAIDemoTextField.m in Sources */ = {isa = PBXBuildFile; fileRef = 8CAF1FC20893B77D278CC46B /* CAIDemoTextField.m */; };
		ACAFC80129E712E3CA3CD772 /* AppDelegate.m in Sources */ = {isa = PBXBuildFile; fileRef = D3D73DEDB2BCAE746B7EA603 /* AppDelegate.m */; };
		B93994F9B7698F6E960AB3B0 /* 1.apk in Resources */ = {isa = PBXBuildFile; fileRef = 2789C4C25A5CF37D9CAFEB90 /* 1.apk */; };
		BB9E27175DA5646F9F906EEB /* CAICloudPhoneCell.m in Sources */ = {isa = PBXBuildFile; fileRef = AE5DA77B2A226B5C760CF593 /* CAICloudPhoneCell.m */; };
		BCDD62669036615FA484183E /* Assets.xcassets in Resources */ = {isa = PBXBuildFile; fileRef = 340988BE5055689815036DFB /* Assets.xcassets */; };
		C35DCCB4787EB7E06E319362 /* movie.mp4 in Resources */ = {isa = PBXBuildFile; fileRef = 7B224FFE11EE2417D0FFCAF8 /* movie.mp4 */; };
		D5880AC8AD8D7C84A2AC3191 /* CAIDemoIcon.m in Sources */ = {isa = PBXBuildFile; fileRef = 8DBE8078CDF98956DA022618 /* CAIDemoIcon.m */; };
		E6CCB92FE3A6BD2FE29F4679 /* main.m in Sources */ = {isa = PBXBuildFile; fileRef = 50F4234EFC6C7FBA6E660D18 /* main.m */; };
		F24E8B4FEEAB94B31F363B28 /* InstanceApiMenuView.m in Sources */ = {isa = PBXBuildFile; fileRef = 6C2C5537A5AB54A2EC69331C /* InstanceApiMenuView.m */; };
/* End PBXBuildFile section */

/* Begin PBXContainerItemProxy section */
		4D92136D2E15156500C9E8AA /* PBXContainerItemProxy */ = {
			isa = PBXContainerItemProxy;
			containerPortal = 4D9213492E15156300C9E8AA /* Project object */;
			proxyType = 1;
			remoteGlobalIDString = 4D9213502E15156400C9E8AA;
			remoteInfo = TCAIDemo;
		};
		4D9213772E15156500C9E8AA /* PBXContainerItemProxy */ = {
			isa = PBXContainerItemProxy;
			containerPortal = 4D9213492E15156300C9E8AA /* Project object */;
			proxyType = 1;
			remoteGlobalIDString = 4D9213502E15156400C9E8AA;
			remoteInfo = TCAIDemo;
		};
/* End PBXContainerItemProxy section */

/* Begin PBXCopyFilesBuildPhase section */
		4D9213E12E151B8D00C9E8AA /* Embed Frameworks */ = {
			isa = PBXCopyFilesBuildPhase;
			buildActionMask = 2147483647;
			dstPath = "";
			dstSubfolderSpec = 10;
			files = (
			);
			name = "Embed Frameworks";
			runOnlyForDeploymentPostprocessing = 0;
		};
/* End PBXCopyFilesBuildPhase section */

/* Begin PBXFileReference section */
		05832FB2FEC877149B22585B /* CAIDemoSettingView.h */ = {isa = PBXFileReference; includeInIndex = 1; lastKnownFileType = sourcecode.c.h; path = CAIDemoSettingView.h; sourceTree = "<group>"; };
		0F4902C2AE1C43EF1B9874D0 /* CAICloudPhoneCell.h */ = {isa = PBXFileReference; includeInIndex = 1; lastKnownFileType = sourcecode.c.h; path = CAICloudPhoneCell.h; sourceTree = "<group>"; };
		11CFF96B12922366D7800208 /* InstanceApiMenuView.h */ = {isa = PBXFileReference; includeInIndex = 1; lastKnownFileType = sourcecode.c.h; path = InstanceApiMenuView.h; sourceTree = "<group>"; };
		15A6DE88B5B739D272527BD7 /* Pods_TCAIDemo.framework */ = {isa = PBXFileReference; explicitFileType = wrapper.framework; includeInIndex = 0; path = Pods_TCAIDemo.framework; sourceTree = BUILT_PRODUCTS_DIR; };
		2298B8EEFBCE26124652E40A /* CAIAudioCapturer.m */ = {isa = PBXFileReference; includeInIndex = 1; lastKnownFileType = sourcecode.c.objc; path = CAIAudioCapturer.m; sourceTree = "<group>"; };
		247C4898325C7EF222CC0C0F /* InstanceControlVC.h */ = {isa = PBXFileReference; includeInIndex = 1; lastKnownFileType = sourcecode.c.h; path = InstanceControlVC.h; sourceTree = "<group>"; };
		2789C4C25A5CF37D9CAFEB90 /* 1.apk */ = {isa = PBXFileReference; includeInIndex = 1; path = 1.apk; sourceTree = "<group>"; };
		340988BE5055689815036DFB /* Assets.xcassets */ = {isa = PBXFileReference; includeInIndex = 1; lastKnownFileType = folder.assetcatalog; path = Assets.xcassets; sourceTree = "<group>"; };
		341E299D7326BDB4D9385876 /* CAIDemoSettingView.m */ = {isa = PBXFileReference; includeInIndex = 1; lastKnownFileType = sourcecode.c.objc; path = CAIDemoSettingView.m; sourceTree = "<group>"; };
		3CBD8FBC6C0B6DEB294D44AB /* Pods-TCAIDemo.debug.xcconfig */ = {isa = PBXFileReference; includeInIndex = 1; lastKnownFileType = text.xcconfig; name = "Pods-TCAIDemo.debug.xcconfig"; path = "Target Support Files/Pods-TCAIDemo/Pods-TCAIDemo.debug.xcconfig"; sourceTree = "<group>"; };
		427F463AB29F438F4024D946 /* LoginVC.m */ = {isa = PBXFileReference; includeInIndex = 1; lastKnownFileType = sourcecode.c.objc; path = LoginVC.m; sourceTree = "<group>"; };
		4851DCEB61857808FDDCE8EE /* Pods-TCAIDemo.release.xcconfig */ = {isa = PBXFileReference; includeInIndex = 1; lastKnownFileType = text.xcconfig; name = "Pods-TCAIDemo.release.xcconfig"; path = "Target Support Files/Pods-TCAIDemo/Pods-TCAIDemo.release.xcconfig"; sourceTree = "<group>"; };
		4D9213512E15156400C9E8AA /* TCAIDemo.app */ = {isa = PBXFileReference; explicitFileType = wrapper.application; includeInIndex = 0; path = TCAIDemo.app; sourceTree = BUILT_PRODUCTS_DIR; };
		4D92136C2E15156500C9E8AA /* TCAIDemoTests.xctest */ = {isa = PBXFileReference; explicitFileType = wrapper.cfbundle; includeInIndex = 0; path = TCAIDemoTests.xctest; sourceTree = BUILT_PRODUCTS_DIR; };
		4D9213762E15156500C9E8AA /* TCAIDemoUITests.xctest */ = {isa = PBXFileReference; explicitFileType = wrapper.cfbundle; includeInIndex = 0; path = TCAIDemoUITests.xctest; sourceTree = BUILT_PRODUCTS_DIR; };
		4D9213EB2E151C4500C9E8AA /* SystemConfiguration.framework */ = {isa = PBXFileReference; lastKnownFileType = wrapper.framework; name = SystemConfiguration.framework; path = System/Library/Frameworks/SystemConfiguration.framework; sourceTree = SDKROOT; };
		4D9213ED2E151C4B00C9E8AA /* JavaScriptCore.framework */ = {isa = PBXFileReference; lastKnownFileType = wrapper.framework; name = JavaScriptCore.framework; path = System/Library/Frameworks/JavaScriptCore.framework; sourceTree = SDKROOT; };
		4D9213EF2E151C5300C9E8AA /* Security.framework */ = {isa = PBXFileReference; lastKnownFileType = wrapper.framework; name = Security.framework; path = System/Library/Frameworks/Security.framework; sourceTree = SDKROOT; };
		4D9213F12E151C5B00C9E8AA /* libz.tbd */ = {isa = PBXFileReference; lastKnownFileType = "sourcecode.text-based-dylib-definition"; name = libz.tbd; path = usr/lib/libz.tbd; sourceTree = SDKROOT; };
		4D9213F32E151C6100C9E8AA /* libc++.tbd */ = {isa = PBXFileReference; lastKnownFileType = "sourcecode.text-based-dylib-definition"; name = "libc++.tbd"; path = "usr/lib/libc++.tbd"; sourceTree = SDKROOT; };
		50F4234EFC6C7FBA6E660D18 /* main.m */ = {isa = PBXFileReference; includeInIndex = 1; lastKnownFileType = sourcecode.c.objc; path = main.m; sourceTree = "<group>"; };
		6C2C5537A5AB54A2EC69331C /* InstanceApiMenuView.m */ = {isa = PBXFileReference; includeInIndex = 1; lastKnownFileType = sourcecode.c.objc; path = InstanceApiMenuView.m; sourceTree = "<group>"; };
		6C6E61E5D620664F44D13B68 /* DemoToast.h */ = {isa = PBXFileReference; includeInIndex = 1; lastKnownFileType = sourcecode.c.h; path = DemoToast.h; sourceTree = "<group>"; };
		6F2D9FA3582CEFB26A643B4D /* CAIAudioCapturer.h */ = {isa = PBXFileReference; includeInIndex = 1; lastKnownFileType = sourcecode.c.h; path = CAIAudioCapturer.h; sourceTree = "<group>"; };
		72FCC7210C9F494075CE605D /* InstanceListVC.m */ = {isa = PBXFileReference; includeInIndex = 1; lastKnownFileType = sourcecode.c.objc; path = InstanceListVC.m; sourceTree = "<group>"; };
		7B224FFE11EE2417D0FFCAF8 /* movie.mp4 */ = {isa = PBXFileReference; includeInIndex = 1; path = movie.mp4; sourceTree = "<group>"; };
		8CAF1FC20893B77D278CC46B /* CAIDemoTextField.m */ = {isa = PBXFileReference; includeInIndex = 1; lastKnownFileType = sourcecode.c.objc; path = CAIDemoTextField.m; sourceTree = "<group>"; };
		8DBE8078CDF98956DA022618 /* CAIDemoIcon.m */ = {isa = PBXFileReference; includeInIndex = 1; lastKnownFileType = sourcecode.c.objc; path = CAIDemoIcon.m; sourceTree = "<group>"; };
		8E7E8DF7DB23B010F6EC9B49 /* LoginVC.h */ = {isa = PBXFileReference; includeInIndex = 1; lastKnownFileType = sourcecode.c.h; path = LoginVC.h; sourceTree = "<group>"; };
		9667EB29F6F348D7F9AE2775 /* picture.jpg */ = {isa = PBXFileReference; includeInIndex = 1; path = picture.jpg; sourceTree = "<group>"; };
		A04F778C70817148C4675DC3 /* CAIDemoTextField.h */ = {isa = PBXFileReference; includeInIndex = 1; lastKnownFileType = sourcecode.c.h; path = CAIDemoTextField.h; sourceTree = "<group>"; };
		A2DF8C6A1D9D71DFE659287F /* InstanceControlVC.m */ = {isa = PBXFileReference; includeInIndex = 1; lastKnownFileType = sourcecode.c.objc; path = InstanceControlVC.m; sourceTree = "<group>"; };
		A53BF4B1DB7CA56C6C38E4AA /* CAIDemoIcon.h */ = {isa = PBXFileReference; includeInIndex = 1; lastKnownFileType = sourcecode.c.h; path = CAIDemoIcon.h; sourceTree = "<group>"; };
		AD8244CFEE27A56C95F0ABD2 /* DemoToast.m */ = {isa = PBXFileReference; includeInIndex = 1; lastKnownFileType = sourcecode.c.objc; path = DemoToast.m; sourceTree = "<group>"; };
		AE5DA77B2A226B5C760CF593 /* CAICloudPhoneCell.m */ = {isa = PBXFileReference; includeInIndex = 1; lastKnownFileType = sourcecode.c.objc; path = CAICloudPhoneCell.m; sourceTree = "<group>"; };
		BCBD6D497BB723F550D81D98 /* InstanceListVC.h */ = {isa = PBXFileReference; includeInIndex = 1; lastKnownFileType = sourcecode.c.h; path = InstanceListVC.h; sourceTree = "<group>"; };
		BFF171E27DD10D63CFD0E130 /* AppDelegate.h */ = {isa = PBXFileReference; includeInIndex = 1; lastKnownFileType = sourcecode.c.h; path = AppDelegate.h; sourceTree = "<group>"; };
		C11EB26D4E5CC5FBF89EC499 /* StreamingVC.h */ = {isa = PBXFileReference; includeInIndex = 1; lastKnownFileType = sourcecode.c.h; path = StreamingVC.h; sourceTree = "<group>"; };
		C84569F5EE43BB20118DED6C /* ExpServerRequest.h */ = {isa = PBXFileReference; includeInIndex = 1; lastKnownFileType = sourcecode.c.h; path = ExpServerRequest.h; sourceTree = "<group>"; };
		D3D73DEDB2BCAE746B7EA603 /* AppDelegate.m */ = {isa = PBXFileReference; includeInIndex = 1; lastKnownFileType = sourcecode.c.objc; path = AppDelegate.m; sourceTree = "<group>"; };
		E2AE7BCD28FB917F4434CCF4 /* StreamingVC.m */ = {isa = PBXFileReference; includeInIndex = 1; lastKnownFileType = sourcecode.c.objc; path = StreamingVC.m; sourceTree = "<group>"; };
		E2B0CCDD4E7F428B904E7A83 /* CAIDemoAccessibilityIds.h */ = {isa = PBXFileReference; includeInIndex = 1; lastKnownFileType = sourcecode.c.h; path = CAIDemoAccessibilityIds.h; sourceTree = "<group>"; };
		ECBF3D50A61ECD5B74DACE76 /* ExpServerRequest.m */ = {isa = PBXFileReference; includeInIndex = 1; lastKnownFileType = sourcecode.c.objc; path = ExpServerRequest.m; sourceTree = "<group>"; };
		EFB634A95F457E9417F69303 /* Info.plist */ = {isa = PBXFileReference; includeInIndex = 1; lastKnownFileType = text.plist.xml; path = Info.plist; sourceTree = "<group>"; };
/* End PBXFileReference section */

/* Begin PBXFrameworksBuildPhase section */
		4D92134E2E15156400C9E8AA /* Frameworks */ = {
			isa = PBXFrameworksBuildPhase;
			buildActionMask = 2147483647;
			files = (
				4D9213F42E151C6100C9E8AA /* libc++.tbd in Frameworks */,
				4D9213F22E151C5B00C9E8AA /* libz.tbd in Frameworks */,
				4D9213F02E151C5300C9E8AA /* Security.framework in Frameworks */,
				4D9213EE2E151C4B00C9E8AA /* JavaScriptCore.framework in Frameworks */,
				4D9213EC2E151C4500C9E8AA /* SystemConfiguration.framework in Frameworks */,
				76439D29BD13F6FF76296C3E /* Pods_TCAIDemo.framework in Frameworks */,
			);
			runOnlyForDeploymentPostprocessing = 0;
		};
		4D9213692E15156500C9E8AA /* Frameworks */ = {
			isa = PBXFrameworksBuildPhase;
			buildActionMask = 2147483647;
			files = (
			);
			runOnlyForDeploymentPostprocessing = 0;
		};
		4D9213732E15156500C9E8AA /* Frameworks */ = {
			isa = PBXFrameworksBuildPhase;
			buildActionMask = 2147483647;
			files = (
			);
			runOnlyForDeploymentPostprocessing = 0;
		};
/* End PBXFrameworksBuildPhase section */

/* Begin PBXGroup section */
		0B3E341E59CD3F07B40E05A3 /* Streaming */ = {
			isa = PBXGroup;
			children = (
				6F2D9FA3582CEFB26A643B4D /* CAIAudioCapturer.h */,
				2298B8EEFBCE26124652E40A /* CAIAudioCapturer.m */,
				05832FB2FEC877149B22585B /* CAIDemoSettingView.h */,
				341E299D7326BDB4D9385876 /* CAIDemoSettingView.m */,
				A04F778C70817148C4675DC3 /* CAIDemoTextField.h */,
				8CAF1FC20893B77D278CC46B /* CAIDemoTextField.m */,
				C11EB26D4E5CC5FBF89EC499 /* StreamingVC.h */,
				E2AE7BCD28FB917F4434CCF4 /* StreamingVC.m */,
			);
			name = Streaming;
			path = Streaming;
			sourceTree = "<group>";
		};
		1058225802F380DF841EA830 /* TCAIDemo */ = {
			isa = PBXGroup;
			children = (
				46ABEEFB0F9B50655E2FE7D9 /* Application */,
				1D03ECABD9F437281C18234C /* Login */,
				44FFB77AF29436BE01426507 /* InstanceList */,
				8DDA1555531B8F44E3EB92B1 /* InstanceControl */,
				0B3E341E59CD3F07B40E05A3 /* Streaming */,
				FAB0BC2CEDC6FB8B7A23DD6F /* ExpServer */,
				6768BCA67A381C51CA5A0612 /* Shared */,
				77FE9622846095407406FEF1 /* Resources */,
			);
			name = TCAIDemo;
			path = TCAIDemo;
			sourceTree = "<group>";
		};
		1D03ECABD9F437281C18234C /* Login */ = {
			isa = PBXGroup;
			children = (
				8E7E8DF7DB23B010F6EC9B49 /* LoginVC.h */,
				427F463AB29F438F4024D946 /* LoginVC.m */,
			);
			name = Login;
			path = Login;
			sourceTree = "<group>";
		};
		44FFB77AF29436BE01426507 /* InstanceList */ = {
			isa = PBXGroup;
			children = (
				BCBD6D497BB723F550D81D98 /* InstanceListVC.h */,
				72FCC7210C9F494075CE605D /* InstanceListVC.m */,
			);
			name = InstanceList;
			path = InstanceList;
			sourceTree = "<group>";
		};
		46ABEEFB0F9B50655E2FE7D9 /* Application */ = {
			isa = PBXGroup;
			children = (
				BFF171E27DD10D63CFD0E130 /* AppDelegate.h */,
				D3D73DEDB2BCAE746B7EA603 /* AppDelegate.m */,
				EFB634A95F457E9417F69303 /* Info.plist */,
				50F4234EFC6C7FBA6E660D18 /* main.m */,
			);
			name = Application;
			path = Application;
			sourceTree = "<group>";
		};
		4D9213482E15156300C9E8AA = {
			isa = PBXGroup;
			children = (
				4D9213522E15156400C9E8AA /* Products */,
				4D9213E82E151C3500C9E8AA /* Frameworks */,
				B8B0A07432F78DF09EADD12F /* Pods */,
				1058225802F380DF841EA830 /* TCAIDemo */,
			);
			sourceTree = "<group>";
		};
		4D9213522E15156400C9E8AA /* Products */ = {
			isa = PBXGroup;
			children = (
				4D9213512E15156400C9E8AA /* TCAIDemo.app */,
				4D92136C2E15156500C9E8AA /* TCAIDemoTests.xctest */,
				4D9213762E15156500C9E8AA /* TCAIDemoUITests.xctest */,
			);
			name = Products;
			sourceTree = "<group>";
		};
		4D9213E82E151C3500C9E8AA /* Frameworks */ = {
			isa = PBXGroup;
			children = (
				4D9213F32E151C6100C9E8AA /* libc++.tbd */,
				4D9213F12E151C5B00C9E8AA /* libz.tbd */,
				4D9213EF2E151C5300C9E8AA /* Security.framework */,
				4D9213ED2E151C4B00C9E8AA /* JavaScriptCore.framework */,
				4D9213EB2E151C4500C9E8AA /* SystemConfiguration.framework */,
				15A6DE88B5B739D272527BD7 /* Pods_TCAIDemo.framework */,
			);
			name = Frameworks;
			sourceTree = "<group>";
		};
		6768BCA67A381C51CA5A0612 /* Shared */ = {
			isa = PBXGroup;
			children = (
				E2B0CCDD4E7F428B904E7A83 /* CAIDemoAccessibilityIds.h */,
				A53BF4B1DB7CA56C6C38E4AA /* CAIDemoIcon.h */,
				8DBE8078CDF98956DA022618 /* CAIDemoIcon.m */,
				6C6E61E5D620664F44D13B68 /* DemoToast.h */,
				AD8244CFEE27A56C95F0ABD2 /* DemoToast.m */,
			);
			name = Shared;
			path = Shared;
			sourceTree = "<group>";
		};
		77FE9622846095407406FEF1 /* Resources */ = {
			isa = PBXGroup;
			children = (
				2789C4C25A5CF37D9CAFEB90 /* 1.apk */,
				340988BE5055689815036DFB /* Assets.xcassets */,
				7B224FFE11EE2417D0FFCAF8 /* movie.mp4 */,
				9667EB29F6F348D7F9AE2775 /* picture.jpg */,
			);
			name = Resources;
			path = Resources;
			sourceTree = "<group>";
		};
		8DDA1555531B8F44E3EB92B1 /* InstanceControl */ = {
			isa = PBXGroup;
			children = (
				0F4902C2AE1C43EF1B9874D0 /* CAICloudPhoneCell.h */,
				AE5DA77B2A226B5C760CF593 /* CAICloudPhoneCell.m */,
				11CFF96B12922366D7800208 /* InstanceApiMenuView.h */,
				6C2C5537A5AB54A2EC69331C /* InstanceApiMenuView.m */,
				247C4898325C7EF222CC0C0F /* InstanceControlVC.h */,
				A2DF8C6A1D9D71DFE659287F /* InstanceControlVC.m */,
			);
			name = InstanceControl;
			path = InstanceControl;
			sourceTree = "<group>";
		};
		B8B0A07432F78DF09EADD12F /* Pods */ = {
			isa = PBXGroup;
			children = (
				3CBD8FBC6C0B6DEB294D44AB /* Pods-TCAIDemo.debug.xcconfig */,
				4851DCEB61857808FDDCE8EE /* Pods-TCAIDemo.release.xcconfig */,
			);
			path = Pods;
			sourceTree = "<group>";
		};
		FAB0BC2CEDC6FB8B7A23DD6F /* ExpServer */ = {
			isa = PBXGroup;
			children = (
				C84569F5EE43BB20118DED6C /* ExpServerRequest.h */,
				ECBF3D50A61ECD5B74DACE76 /* ExpServerRequest.m */,
			);
			name = ExpServer;
			path = ExpServer;
			sourceTree = "<group>";
		};
/* End PBXGroup section */

/* Begin PBXNativeTarget section */
		4D9213502E15156400C9E8AA /* TCAIDemo */ = {
			isa = PBXNativeTarget;
			buildConfigurationList = 4D9213802E15156500C9E8AA /* Build configuration list for PBXNativeTarget "TCAIDemo" */;
			buildPhases = (
				482B7F29753545F9FF4E9849 /* [CP] Check Pods Manifest.lock */,
				4D92134D2E15156400C9E8AA /* Sources */,
				4D92134E2E15156400C9E8AA /* Frameworks */,
				4D92134F2E15156400C9E8AA /* Resources */,
				4D9213E12E151B8D00C9E8AA /* Embed Frameworks */,
				041CE13D1F07AEDEF4DD4BEC /* [CP] Embed Pods Frameworks */,
			);
			buildRules = (
			);
			dependencies = (
			);
			name = TCAIDemo;
			productName = TCAIDemo;
			productReference = 4D9213512E15156400C9E8AA /* TCAIDemo.app */;
			productType = "com.apple.product-type.application";
		};
		4D92136B2E15156500C9E8AA /* TCAIDemoTests */ = {
			isa = PBXNativeTarget;
			buildConfigurationList = 4D9213832E15156500C9E8AA /* Build configuration list for PBXNativeTarget "TCAIDemoTests" */;
			buildPhases = (
				4D9213682E15156500C9E8AA /* Sources */,
				4D9213692E15156500C9E8AA /* Frameworks */,
				4D92136A2E15156500C9E8AA /* Resources */,
			);
			buildRules = (
			);
			dependencies = (
				4D92136E2E15156500C9E8AA /* PBXTargetDependency */,
			);
			name = TCAIDemoTests;
			productName = TCAIDemoTests;
			productReference = 4D92136C2E15156500C9E8AA /* TCAIDemoTests.xctest */;
			productType = "com.apple.product-type.bundle.unit-test";
		};
		4D9213752E15156500C9E8AA /* TCAIDemoUITests */ = {
			isa = PBXNativeTarget;
			buildConfigurationList = 4D9213862E15156500C9E8AA /* Build configuration list for PBXNativeTarget "TCAIDemoUITests" */;
			buildPhases = (
				4D9213722E15156500C9E8AA /* Sources */,
				4D9213732E15156500C9E8AA /* Frameworks */,
				4D9213742E15156500C9E8AA /* Resources */,
			);
			buildRules = (
			);
			dependencies = (
				4D9213782E15156500C9E8AA /* PBXTargetDependency */,
			);
			name = TCAIDemoUITests;
			productName = TCAIDemoUITests;
			productReference = 4D9213762E15156500C9E8AA /* TCAIDemoUITests.xctest */;
			productType = "com.apple.product-type.bundle.ui-testing";
		};
/* End PBXNativeTarget section */

/* Begin PBXProject section */
		4D9213492E15156300C9E8AA /* Project object */ = {
			isa = PBXProject;
			attributes = {
				BuildIndependentTargetsInParallel = 1;
				LastUpgradeCheck = 1530;
				TargetAttributes = {
					4D9213502E15156400C9E8AA = {
						CreatedOnToolsVersion = 15.3;
					};
					4D92136B2E15156500C9E8AA = {
						CreatedOnToolsVersion = 15.3;
						TestTargetID = 4D9213502E15156400C9E8AA;
					};
					4D9213752E15156500C9E8AA = {
						CreatedOnToolsVersion = 15.3;
						TestTargetID = 4D9213502E15156400C9E8AA;
					};
				};
			};
			buildConfigurationList = 4D92134C2E15156300C9E8AA /* Build configuration list for PBXProject "TCAIDemo" */;
			compatibilityVersion = "Xcode 14.0";
			developmentRegion = en;
			hasScannedForEncodings = 0;
			knownRegions = (
				en,
				Base,
			);
			mainGroup = 4D9213482E15156300C9E8AA;
			productRefGroup = 4D9213522E15156400C9E8AA /* Products */;
			projectDirPath = "";
			projectRoot = "";
			targets = (
				4D9213502E15156400C9E8AA /* TCAIDemo */,
				4D92136B2E15156500C9E8AA /* TCAIDemoTests */,
				4D9213752E15156500C9E8AA /* TCAIDemoUITests */,
			);
		};
/* End PBXProject section */

/* Begin PBXResourcesBuildPhase section */
		4D92134F2E15156400C9E8AA /* Resources */ = {
			isa = PBXResourcesBuildPhase;
			buildActionMask = 2147483647;
			files = (
				B93994F9B7698F6E960AB3B0 /* 1.apk in Resources */,
				BCDD62669036615FA484183E /* Assets.xcassets in Resources */,
				C35DCCB4787EB7E06E319362 /* movie.mp4 in Resources */,
				3CA5AAAD96D77440166FE063 /* picture.jpg in Resources */,
			);
			runOnlyForDeploymentPostprocessing = 0;
		};
		4D92136A2E15156500C9E8AA /* Resources */ = {
			isa = PBXResourcesBuildPhase;
			buildActionMask = 2147483647;
			files = (
			);
			runOnlyForDeploymentPostprocessing = 0;
		};
		4D9213742E15156500C9E8AA /* Resources */ = {
			isa = PBXResourcesBuildPhase;
			buildActionMask = 2147483647;
			files = (
			);
			runOnlyForDeploymentPostprocessing = 0;
		};
/* End PBXResourcesBuildPhase section */

/* Begin PBXShellScriptBuildPhase section */
		041CE13D1F07AEDEF4DD4BEC /* [CP] Embed Pods Frameworks */ = {
			isa = PBXShellScriptBuildPhase;
			buildActionMask = 2147483647;
			files = (
			);
			inputFileListPaths = (
				"${PODS_ROOT}/Target Support Files/Pods-TCAIDemo/Pods-TCAIDemo-frameworks-${CONFIGURATION}-input-files.xcfilelist",
			);
			name = "[CP] Embed Pods Frameworks";
			outputFileListPaths = (
				"${PODS_ROOT}/Target Support Files/Pods-TCAIDemo/Pods-TCAIDemo-frameworks-${CONFIGURATION}-output-files.xcfilelist",
			);
			runOnlyForDeploymentPostprocessing = 0;
			shellPath = /bin/sh;
			shellScript = "\"${PODS_ROOT}/Target Support Files/Pods-TCAIDemo/Pods-TCAIDemo-frameworks.sh\"\n";
			showEnvVarsInLog = 0;
		};
		482B7F29753545F9FF4E9849 /* [CP] Check Pods Manifest.lock */ = {
			isa = PBXShellScriptBuildPhase;
			buildActionMask = 2147483647;
			files = (
			);
			inputFileListPaths = (
			);
			inputPaths = (
				"${PODS_PODFILE_DIR_PATH}/Podfile.lock",
				"${PODS_ROOT}/Manifest.lock",
			);
			name = "[CP] Check Pods Manifest.lock";
			outputFileListPaths = (
			);
			outputPaths = (
				"$(DERIVED_FILE_DIR)/Pods-TCAIDemo-checkManifestLockResult.txt",
			);
			runOnlyForDeploymentPostprocessing = 0;
			shellPath = /bin/sh;
			shellScript = "diff \"${PODS_PODFILE_DIR_PATH}/Podfile.lock\" \"${PODS_ROOT}/Manifest.lock\" > /dev/null\nif [ $? != 0 ] ; then\n    # print error to STDERR\n    echo \"error: The sandbox is not in sync with the Podfile.lock. Run 'pod install' or update your CocoaPods installation.\" >&2\n    exit 1\nfi\n# This output is used by Xcode 'outputs' to avoid re-running this script phase.\necho \"SUCCESS\" > \"${SCRIPT_OUTPUT_FILE_0}\"\n";
			showEnvVarsInLog = 0;
		};
/* End PBXShellScriptBuildPhase section */

/* Begin PBXSourcesBuildPhase section */
		4D92134D2E15156400C9E8AA /* Sources */ = {
			isa = PBXSourcesBuildPhase;
			buildActionMask = 2147483647;
			files = (
				ACAFC80129E712E3CA3CD772 /* AppDelegate.m in Sources */,
				E6CCB92FE3A6BD2FE29F4679 /* main.m in Sources */,
				1C8633AF61B4AA5B57876FB1 /* LoginVC.m in Sources */,
				79BBE27570663870D3F2F4F8 /* InstanceListVC.m in Sources */,
				BB9E27175DA5646F9F906EEB /* CAICloudPhoneCell.m in Sources */,
				F24E8B4FEEAB94B31F363B28 /* InstanceApiMenuView.m in Sources */,
				80194837A0D2E58FF49A0F2C /* InstanceControlVC.m in Sources */,
				0372FBECA31F5301C25E6F76 /* CAIAudioCapturer.m in Sources */,
				02E0D28A51C71909BED1A2A2 /* CAIDemoSettingView.m in Sources */,
				919A43E72E81898A90C920C1 /* CAIDemoTextField.m in Sources */,
				7C3D7FA0245DE206737BE7E0 /* StreamingVC.m in Sources */,
				3715842C088EBF180A71F257 /* ExpServerRequest.m in Sources */,
				D5880AC8AD8D7C84A2AC3191 /* CAIDemoIcon.m in Sources */,
				14AC3350547E65AA311EC544 /* DemoToast.m in Sources */,
			);
			runOnlyForDeploymentPostprocessing = 0;
		};
		4D9213682E15156500C9E8AA /* Sources */ = {
			isa = PBXSourcesBuildPhase;
			buildActionMask = 2147483647;
			files = (
			);
			runOnlyForDeploymentPostprocessing = 0;
		};
		4D9213722E15156500C9E8AA /* Sources */ = {
			isa = PBXSourcesBuildPhase;
			buildActionMask = 2147483647;
			files = (
			);
			runOnlyForDeploymentPostprocessing = 0;
		};
/* End PBXSourcesBuildPhase section */

/* Begin PBXTargetDependency section */
		4D92136E2E15156500C9E8AA /* PBXTargetDependency */ = {
			isa = PBXTargetDependency;
			target = 4D9213502E15156400C9E8AA /* TCAIDemo */;
			targetProxy = 4D92136D2E15156500C9E8AA /* PBXContainerItemProxy */;
		};
		4D9213782E15156500C9E8AA /* PBXTargetDependency */ = {
			isa = PBXTargetDependency;
			target = 4D9213502E15156400C9E8AA /* TCAIDemo */;
			targetProxy = 4D9213772E15156500C9E8AA /* PBXContainerItemProxy */;
		};
/* End PBXTargetDependency section */

/* Begin XCBuildConfiguration section */
		4D92137E2E15156500C9E8AA /* Debug */ = {
			isa = XCBuildConfiguration;
			buildSettings = {
				ALWAYS_SEARCH_USER_PATHS = NO;
				ASSETCATALOG_COMPILER_GENERATE_SWIFT_ASSET_SYMBOL_EXTENSIONS = YES;
				CLANG_ANALYZER_NONNULL = YES;
				CLANG_ANALYZER_NUMBER_OBJECT_CONVERSION = YES_AGGRESSIVE;
				CLANG_CXX_LANGUAGE_STANDARD = "gnu++20";
				CLANG_ENABLE_MODULES = YES;
				CLANG_ENABLE_OBJC_ARC = YES;
				CLANG_ENABLE_OBJC_WEAK = YES;
				CLANG_WARN_BLOCK_CAPTURE_AUTORELEASING = YES;
				CLANG_WARN_BOOL_CONVERSION = YES;
				CLANG_WARN_COMMA = YES;
				CLANG_WARN_CONSTANT_CONVERSION = YES;
				CLANG_WARN_DEPRECATED_OBJC_IMPLEMENTATIONS = YES;
				CLANG_WARN_DIRECT_OBJC_ISA_USAGE = YES_ERROR;
				CLANG_WARN_DOCUMENTATION_COMMENTS = YES;
				CLANG_WARN_EMPTY_BODY = YES;
				CLANG_WARN_ENUM_CONVERSION = YES;
				CLANG_WARN_INFINITE_RECURSION = YES;
				CLANG_WARN_INT_CONVERSION = YES;
				CLANG_WARN_NON_LITERAL_NULL_CONVERSION = YES;
				CLANG_WARN_OBJC_IMPLICIT_RETAIN_SELF = YES;
				CLANG_WARN_OBJC_LITERAL_CONVERSION = YES;
				CLANG_WARN_OBJC_ROOT_CLASS = YES_ERROR;
				CLANG_WARN_QUOTED_INCLUDE_IN_FRAMEWORK_HEADER = YES;
				CLANG_WARN_RANGE_LOOP_ANALYSIS = YES;
				CLANG_WARN_STRICT_PROTOTYPES = YES;
				CLANG_WARN_SUSPICIOUS_MOVE = YES;
				CLANG_WARN_UNGUARDED_AVAILABILITY = YES_AGGRESSIVE;
				CLANG_WARN_UNREACHABLE_CODE = YES;
				CLANG_WARN__DUPLICATE_METHOD_MATCH = YES;
				COPY_PHASE_STRIP = NO;
				DEBUG_INFORMATION_FORMAT = dwarf;
				ENABLE_STRICT_OBJC_MSGSEND = YES;
				ENABLE_TESTABILITY = YES;
				ENABLE_USER_SCRIPT_SANDBOXING = YES;
				GCC_C_LANGUAGE_STANDARD = gnu17;
				GCC_DYNAMIC_NO_PIC = NO;
				GCC_NO_COMMON_BLOCKS = YES;
				GCC_OPTIMIZATION_LEVEL = 0;
				GCC_PREPROCESSOR_DEFINITIONS = (
					"DEBUG=1",
					"$(inherited)",
				);
				GCC_WARN_64_TO_32_BIT_CONVERSION = YES;
				GCC_WARN_ABOUT_RETURN_TYPE = YES_ERROR;
				GCC_WARN_UNDECLARED_SELECTOR = YES;
				GCC_WARN_UNINITIALIZED_AUTOS = YES_AGGRESSIVE;
				GCC_WARN_UNUSED_FUNCTION = YES;
				GCC_WARN_UNUSED_VARIABLE = YES;
				IPHONEOS_DEPLOYMENT_TARGET = 17.4;
				LOCALIZATION_PREFERS_STRING_CATALOGS = YES;
				MTL_ENABLE_DEBUG_INFO = INCLUDE_SOURCE;
				MTL_FAST_MATH = YES;
				ONLY_ACTIVE_ARCH = YES;
				SDKROOT = iphoneos;
			};
			name = Debug;
		};
		4D92137F2E15156500C9E8AA /* Release */ = {
			isa = XCBuildConfiguration;
			buildSettings = {
				ALWAYS_SEARCH_USER_PATHS = NO;
				ASSETCATALOG_COMPILER_GENERATE_SWIFT_ASSET_SYMBOL_EXTENSIONS = YES;
				CLANG_ANALYZER_NONNULL = YES;
				CLANG_ANALYZER_NUMBER_OBJECT_CONVERSION = YES_AGGRESSIVE;
				CLANG_CXX_LANGUAGE_STANDARD = "gnu++20";
				CLANG_ENABLE_MODULES = YES;
				CLANG_ENABLE_OBJC_ARC = YES;
				CLANG_ENABLE_OBJC_WEAK = YES;
				CLANG_WARN_BLOCK_CAPTURE_AUTORELEASING = YES;
				CLANG_WARN_BOOL_CONVERSION = YES;
				CLANG_WARN_COMMA = YES;
				CLANG_WARN_CONSTANT_CONVERSION = YES;
				CLANG_WARN_DEPRECATED_OBJC_IMPLEMENTATIONS = YES;
				CLANG_WARN_DIRECT_OBJC_ISA_USAGE = YES_ERROR;
				CLANG_WARN_DOCUMENTATION_COMMENTS = YES;
				CLANG_WARN_EMPTY_BODY = YES;
				CLANG_WARN_ENUM_CONVERSION = YES;
				CLANG_WARN_INFINITE_RECURSION = YES;
				CLANG_WARN_INT_CONVERSION = YES;
				CLANG_WARN_NON_LITERAL_NULL_CONVERSION = YES;
				CLANG_WARN_OBJC_IMPLICIT_RETAIN_SELF = YES;
				CLANG_WARN_OBJC_LITERAL_CONVERSION = YES;
				CLANG_WARN_OBJC_ROOT_CLASS = YES_ERROR;
				CLANG_WARN_QUOTED_INCLUDE_IN_FRAMEWORK_HEADER = YES;
				CLANG_WARN_RANGE_LOOP_ANALYSIS = YES;
				CLANG_WARN_STRICT_PROTOTYPES = YES;
				CLANG_WARN_SUSPICIOUS_MOVE = YES;
				CLANG_WARN_UNGUARDED_AVAILABILITY = YES_AGGRESSIVE;
				CLANG_WARN_UNREACHABLE_CODE = YES;
				CLANG_WARN__DUPLICATE_METHOD_MATCH = YES;
				COPY_PHASE_STRIP = NO;
				DEBUG_INFORMATION_FORMAT = "dwarf-with-dsym";
				ENABLE_NS_ASSERTIONS = NO;
				ENABLE_STRICT_OBJC_MSGSEND = YES;
				ENABLE_USER_SCRIPT_SANDBOXING = YES;
				GCC_C_LANGUAGE_STANDARD = gnu17;
				GCC_NO_COMMON_BLOCKS = YES;
				GCC_WARN_64_TO_32_BIT_CONVERSION = YES;
				GCC_WARN_ABOUT_RETURN_TYPE = YES_ERROR;
				GCC_WARN_UNDECLARED_SELECTOR = YES;
				GCC_WARN_UNINITIALIZED_AUTOS = YES_AGGRESSIVE;
				GCC_WARN_UNUSED_FUNCTION = YES;
				GCC_WARN_UNUSED_VARIABLE = YES;
				IPHONEOS_DEPLOYMENT_TARGET = 17.4;
				LOCALIZATION_PREFERS_STRING_CATALOGS = YES;
				MTL_ENABLE_DEBUG_INFO = NO;
				MTL_FAST_MATH = YES;
				SDKROOT = iphoneos;
				VALIDATE_PRODUCT = YES;
			};
			name = Release;
		};
		4D9213812E15156500C9E8AA /* Debug */ = {
			isa = XCBuildConfiguration;
			baseConfigurationReference = 3CBD8FBC6C0B6DEB294D44AB /* Pods-TCAIDemo.debug.xcconfig */;
			buildSettings = {
				ASSETCATALOG_COMPILER_APPICON_NAME = AppIcon;
				ASSETCATALOG_COMPILER_GLOBAL_ACCENT_COLOR_NAME = AccentColor;
				CODE_SIGN_IDENTITY = "Apple Development";
				CODE_SIGN_STYLE = Automatic;
				CURRENT_PROJECT_VERSION = 1;
				DEVELOPMENT_TEAM = 38Y5MA3LD2;
				ENABLE_USER_SCRIPT_SANDBOXING = NO;
				FRAMEWORK_SEARCH_PATHS = (
					"$(inherited)",
					"$(PROJECT_DIR)",
				);
				GENERATE_INFOPLIST_FILE = YES;
				INFOPLIST_FILE = TCAIDemo/Application/Info.plist;
				INFOPLIST_KEY_UIApplicationSupportsIndirectInputEvents = YES;
				INFOPLIST_KEY_UILaunchStoryboardName = LaunchScreen;
				INFOPLIST_KEY_UISupportedInterfaceOrientations_iPad = "UIInterfaceOrientationPortrait UIInterfaceOrientationPortraitUpsideDown UIInterfaceOrientationLandscapeLeft UIInterfaceOrientationLandscapeRight";
				INFOPLIST_KEY_UISupportedInterfaceOrientations_iPhone = "UIInterfaceOrientationPortrait UIInterfaceOrientationLandscapeLeft UIInterfaceOrientationLandscapeRight";
				IPHONEOS_DEPLOYMENT_TARGET = 15.0;
				LD_RUNPATH_SEARCH_PATHS = (
					"$(inherited)",
					"@executable_path/Frameworks",
				);
				MARKETING_VERSION = 1.0;
				PRODUCT_BUNDLE_IDENTIFIER = com.tencent.tcr.TCAIDemo;
				PRODUCT_NAME = "$(TARGET_NAME)";
				PROVISIONING_PROFILE_SPECIFIER = "";
				SUPPORTED_PLATFORMS = "iphoneos iphonesimulator";
				SUPPORTS_MACCATALYST = NO;
				SUPPORTS_MAC_DESIGNED_FOR_IPHONE_IPAD = YES;
				SWIFT_EMIT_LOC_STRINGS = YES;
				TARGETED_DEVICE_FAMILY = 1;
			};
			name = Debug;
		};
		4D9213822E15156500C9E8AA /* Release */ = {
			isa = XCBuildConfiguration;
			baseConfigurationReference = 4851DCEB61857808FDDCE8EE /* Pods-TCAIDemo.release.xcconfig */;
			buildSettings = {
				ASSETCATALOG_COMPILER_APPICON_NAME = AppIcon;
				ASSETCATALOG_COMPILER_GLOBAL_ACCENT_COLOR_NAME = AccentColor;
				CODE_SIGN_IDENTITY = "Apple Development";
				CODE_SIGN_STYLE = Automatic;
				CURRENT_PROJECT_VERSION = 1;
				DEVELOPMENT_TEAM = 38Y5MA3LD2;
				ENABLE_USER_SCRIPT_SANDBOXING = NO;
				FRAMEWORK_SEARCH_PATHS = (
					"$(inherited)",
					"$(PROJECT_DIR)",
				);
				GENERATE_INFOPLIST_FILE = YES;
				INFOPLIST_FILE = TCAIDemo/Application/Info.plist;
				INFOPLIST_KEY_UIApplicationSupportsIndirectInputEvents = YES;
				INFOPLIST_KEY_UILaunchStoryboardName = LaunchScreen;
				INFOPLIST_KEY_UISupportedInterfaceOrientations_iPad = "UIInterfaceOrientationPortrait UIInterfaceOrientationPortraitUpsideDown UIInterfaceOrientationLandscapeLeft UIInterfaceOrientationLandscapeRight";
				INFOPLIST_KEY_UISupportedInterfaceOrientations_iPhone = "UIInterfaceOrientationPortrait UIInterfaceOrientationLandscapeLeft UIInterfaceOrientationLandscapeRight";
				IPHONEOS_DEPLOYMENT_TARGET = 15.0;
				LD_RUNPATH_SEARCH_PATHS = (
					"$(inherited)",
					"@executable_path/Frameworks",
				);
				MARKETING_VERSION = 1.0;
				PRODUCT_BUNDLE_IDENTIFIER = com.tencent.tcr.TCAIDemo;
				PRODUCT_NAME = "$(TARGET_NAME)";
				PROVISIONING_PROFILE_SPECIFIER = "";
				SUPPORTED_PLATFORMS = "iphoneos iphonesimulator";
				SUPPORTS_MACCATALYST = NO;
				SUPPORTS_MAC_DESIGNED_FOR_IPHONE_IPAD = YES;
				SWIFT_EMIT_LOC_STRINGS = YES;
				TARGETED_DEVICE_FAMILY = 1;
			};
			name = Release;
		};
		4D9213842E15156500C9E8AA /* Debug */ = {
			isa = XCBuildConfiguration;
			buildSettings = {
				BUNDLE_LOADER = "$(TEST_HOST)";
				CODE_SIGN_STYLE = Automatic;
				CURRENT_PROJECT_VERSION = 1;
				DEVELOPMENT_TEAM = KN7WY94HU7;
				GENERATE_INFOPLIST_FILE = YES;
				IPHONEOS_DEPLOYMENT_TARGET = 17.4;
				MARKETING_VERSION = 1.0;
				PRODUCT_BUNDLE_IDENTIFIER = com.tencent.tcr.TCAIDemoTests;
				PRODUCT_NAME = "$(TARGET_NAME)";
				SWIFT_EMIT_LOC_STRINGS = NO;
				TARGETED_DEVICE_FAMILY = "1,2";
				TEST_HOST = "$(BUILT_PRODUCTS_DIR)/TCAIDemo.app/$(BUNDLE_EXECUTABLE_FOLDER_PATH)/TCAIDemo";
			};
			name = Debug;
		};
		4D9213852E15156500C9E8AA /* Release */ = {
			isa = XCBuildConfiguration;
			buildSettings = {
				BUNDLE_LOADER = "$(TEST_HOST)";
				CODE_SIGN_STYLE = Automatic;
				CURRENT_PROJECT_VERSION = 1;
				DEVELOPMENT_TEAM = KN7WY94HU7;
				GENERATE_INFOPLIST_FILE = YES;
				IPHONEOS_DEPLOYMENT_TARGET = 17.4;
				MARKETING_VERSION = 1.0;
				PRODUCT_BUNDLE_IDENTIFIER = com.tencent.tcr.TCAIDemoTests;
				PRODUCT_NAME = "$(TARGET_NAME)";
				SWIFT_EMIT_LOC_STRINGS = NO;
				TARGETED_DEVICE_FAMILY = "1,2";
				TEST_HOST = "$(BUILT_PRODUCTS_DIR)/TCAIDemo.app/$(BUNDLE_EXECUTABLE_FOLDER_PATH)/TCAIDemo";
			};
			name = Release;
		};
		4D9213872E15156500C9E8AA /* Debug */ = {
			isa = XCBuildConfiguration;
			buildSettings = {
				CODE_SIGN_STYLE = Automatic;
				CURRENT_PROJECT_VERSION = 1;
				DEVELOPMENT_TEAM = KN7WY94HU7;
				GENERATE_INFOPLIST_FILE = YES;
				MARKETING_VERSION = 1.0;
				PRODUCT_BUNDLE_IDENTIFIER = com.tencent.tcr.TCAIDemoUITests;
				PRODUCT_NAME = "$(TARGET_NAME)";
				SWIFT_EMIT_LOC_STRINGS = NO;
				TARGETED_DEVICE_FAMILY = "1,2";
				TEST_TARGET_NAME = TCAIDemo;
			};
			name = Debug;
		};
		4D9213882E15156500C9E8AA /* Release */ = {
			isa = XCBuildConfiguration;
			buildSettings = {
				CODE_SIGN_STYLE = Automatic;
				CURRENT_PROJECT_VERSION = 1;
				DEVELOPMENT_TEAM = KN7WY94HU7;
				GENERATE_INFOPLIST_FILE = YES;
				MARKETING_VERSION = 1.0;
				PRODUCT_BUNDLE_IDENTIFIER = com.tencent.tcr.TCAIDemoUITests;
				PRODUCT_NAME = "$(TARGET_NAME)";
				SWIFT_EMIT_LOC_STRINGS = NO;
				TARGETED_DEVICE_FAMILY = "1,2";
				TEST_TARGET_NAME = TCAIDemo;
			};
			name = Release;
		};
/* End XCBuildConfiguration section */

/* Begin XCConfigurationList section */
		4D92134C2E15156300C9E8AA /* Build configuration list for PBXProject "TCAIDemo" */ = {
			isa = XCConfigurationList;
			buildConfigurations = (
				4D92137E2E15156500C9E8AA /* Debug */,
				4D92137F2E15156500C9E8AA /* Release */,
			);
			defaultConfigurationIsVisible = 0;
			defaultConfigurationName = Release;
		};
		4D9213802E15156500C9E8AA /* Build configuration list for PBXNativeTarget "TCAIDemo" */ = {
			isa = XCConfigurationList;
			buildConfigurations = (
				4D9213812E15156500C9E8AA /* Debug */,
				4D9213822E15156500C9E8AA /* Release */,
			);
			defaultConfigurationIsVisible = 0;
			defaultConfigurationName = Release;
		};
		4D9213832E15156500C9E8AA /* Build configuration list for PBXNativeTarget "TCAIDemoTests" */ = {
			isa = XCConfigurationList;
			buildConfigurations = (
				4D9213842E15156500C9E8AA /* Debug */,
				4D9213852E15156500C9E8AA /* Release */,
			);
			defaultConfigurationIsVisible = 0;
			defaultConfigurationName = Release;
		};
		4D9213862E15156500C9E8AA /* Build configuration list for PBXNativeTarget "TCAIDemoUITests" */ = {
			isa = XCConfigurationList;
			buildConfigurations = (
				4D9213872E15156500C9E8AA /* Debug */,
				4D9213882E15156500C9E8AA /* Release */,
			);
			defaultConfigurationIsVisible = 0;
			defaultConfigurationName = Release;
		};
/* End XCConfigurationList section */
	};
	rootObject = 4D9213492E15156300C9E8AA /* Project object */;
}
